{
    "version": 3,
    "terraform_version": "0.12.29",
    "serial": 1,
    "lineage": "15068b74-d154-540b-3597-970d873db509",
    "modules": [
        {
            "path": [
                "root"
            ],
            "outputs": {
                "aws_iam_policy_tfer--AWSLambdaBasicExecutionRole-002D-03ce626f-002D-065a-002D-47ad-002D-bbca-002D-2009e4a9795a_id": {
                    "sensitive": false,
                    "type": "string",
                    "value": "arn:aws:iam::905418446214:policy/service-role/AWSLambdaBasicExecutionRole-03ce626f-065a-47ad-bbca-2009e4a9795a"
                },
                "aws_iam_policy_tfer--AWSLambdaBasicExecutionRole-002D-92d88dc7-002D-446e-002D-4b7c-002D-8e28-002D-25fcaa26ad6a_id": {
                    "sensitive": false,
                    "type": "string",
                    "value": "arn:aws:iam::905418446214:policy/service-role/AWSLambdaBasicExecutionRole-92d88dc7-446e-4b7c-8e28-25fcaa26ad6a"
                },
                "aws_iam_policy_tfer--AWSLambdaMicroserviceExecutionRole-002D-fe178409-002D-fdaa-002D-4436-002D-b9ed-002D-17cef86ceb71_id": {
                    "sensitive": false,
                    "type": "string",
                    "value": "arn:aws:iam::905418446214:policy/service-role/AWSLambdaMicroserviceExecutionRole-fe178409-fdaa-4436-b9ed-17cef86ceb71"
                },
                "aws_iam_role_policy_attachment_tfer--AWSReservedSSO_PowerUserAccess_c7ae13e87abf0466_PowerUserAccess_id": {
                    "sensitive": false,
                    "type": "string",
                    "value": "AWSReservedSSO_PowerUserAccess_c7ae13e87abf0466/arn:aws:iam::aws:policy/PowerUserAccess"
                },
                "aws_iam_role_policy_attachment_tfer--AWSServiceRoleForAPIGateway_APIGatewayServiceRolePolicy_id": {
                    "sensitive": false,
                    "type": "string",
                    "value": "AWSServiceRoleForAPIGateway/arn:aws:iam::aws:policy/aws-service-role/APIGatewayServiceRolePolicy"
                },
                "aws_iam_role_policy_attachment_tfer--AWSServiceRoleForOrganizations_AWSOrganizationsServiceTrustPolicy_id": {
                    "sensitive": false,
                    "type": "string",
                    "value": "AWSServiceRoleForOrganizations/arn:aws:iam::aws:policy/aws-service-role/AWSOrganizationsServiceTrustPolicy"
                },
                "aws_iam_role_policy_attachment_tfer--AWSServiceRoleForSSO_AWSSSOServiceRolePolicy_id": {
                    "sensitive": false,
                    "type": "string",
                    "value": "AWSServiceRoleForSSO/arn:aws:iam::aws:policy/aws-service-role/AWSSSOServiceRolePolicy"
                },
                "aws_iam_role_policy_attachment_tfer--AWSServiceRoleForSupport_AWSSupportServiceRolePolicy_id": {
                    "sensitive": false,
                    "type": "string",
                    "value": "AWSServiceRoleForSupport/arn:aws:iam::aws:policy/aws-service-role/AWSSupportServiceRolePolicy"
                },
                "aws_iam_role_policy_attachment_tfer--AWSServiceRoleForTrustedAdvisor_AWSTrustedAdvisorServiceRolePolicy_id": {
                    "sensitive": false,
                    "type": "string",
                    "value": "AWSServiceRoleForTrustedAdvisor/arn:aws:iam::aws:policy/aws-service-role/AWSTrustedAdvisorServiceRolePolicy"
                },
                "aws_iam_role_policy_attachment_tfer--OrganizationAccountAccessRole_AdministratorAccess_id": {
                    "sensitive": false,
                    "type": "string",
                    "value": "OrganizationAccountAccessRole/arn:aws:iam::aws:policy/AdministratorAccess"
                },
                "aws_iam_role_policy_attachment_tfer--databaseRW_AWSLambdaBasicExecutionRole-002D-92d88dc7-002D-446e-002D-4b7c-002D-8e28-002D-25fcaa26ad6a_id": {
                    "sensitive": false,
                    "type": "string",
                    "value": "databaseRW/arn:aws:iam::905418446214:policy/service-role/AWSLambdaBasicExecutionRole-92d88dc7-446e-4b7c-8e28-25fcaa26ad6a"
                },
                "aws_iam_role_policy_attachment_tfer--databaseRW_AWSLambdaMicroserviceExecutionRole-002D-fe178409-002D-fdaa-002D-4436-002D-b9ed-002D-17cef86ceb71_id": {
                    "sensitive": false,
                    "type": "string",
                    "value": "databaseRW/arn:aws:iam::905418446214:policy/service-role/AWSLambdaMicroserviceExecutionRole-fe178409-fdaa-4436-b9ed-17cef86ceb71"
                },
                "aws_iam_role_policy_attachment_tfer--getCount-002D-role-002D-6e4uduy7_AWSLambdaBasicExecutionRole-002D-03ce626f-002D-065a-002D-47ad-002D-bbca-002D-2009e4a9795a_id": {
                    "sensitive": false,
                    "type": "string",
                    "value": "getCount-role-6e4uduy7/arn:aws:iam::905418446214:policy/service-role/AWSLambdaBasicExecutionRole-03ce626f-065a-47ad-bbca-2009e4a9795a"
                },
                "aws_iam_role_tfer--AWSReservedSSO_PowerUserAccess_c7ae13e87abf0466_id": {
                    "sensitive": false,
                    "type": "string",
                    "value": "AWSReservedSSO_PowerUserAccess_c7ae13e87abf0466"
                },
                "aws_iam_role_tfer--AWSServiceRoleForAPIGateway_id": {
                    "sensitive": false,
                    "type": "string",
                    "value": "AWSServiceRoleForAPIGateway"
                },
                "aws_iam_role_tfer--AWSServiceRoleForOrganizations_id": {
                    "sensitive": false,
                    "type": "string",
                    "value": "AWSServiceRoleForOrganizations"
                },
                "aws_iam_role_tfer--AWSServiceRoleForSSO_id": {
                    "sensitive": false,
                    "type": "string",
                    "value": "AWSServiceRoleForSSO"
                },
                "aws_iam_role_tfer--AWSServiceRoleForSupport_id": {
                    "sensitive": false,
                    "type": "string",
                    "value": "AWSServiceRoleForSupport"
                },
                "aws_iam_role_tfer--AWSServiceRoleForTrustedAdvisor_id": {
                    "sensitive": false,
                    "type": "string",
                    "value": "AWSServiceRoleForTrustedAdvisor"
                },
                "aws_iam_role_tfer--OrganizationAccountAccessRole_id": {
                    "sensitive": false,
                    "type": "string",
                    "value": "OrganizationAccountAccessRole"
                },
                "aws_iam_role_tfer--databaseRW_id": {
                    "sensitive": false,
                    "type": "string",
                    "value": "databaseRW"
                },
                "aws_iam_role_tfer--getCount-002D-role-002D-6e4uduy7_id": {
                    "sensitive": false,
                    "type": "string",
                    "value": "getCount-role-6e4uduy7"
                },
                "aws_iam_user_policy_attachment_tfer--GithubServiceAccount_AmazonDynamoDBFullAccess_id": {
                    "sensitive": false,
                    "type": "string",
                    "value": "GithubServiceAccount/arn:aws:iam::aws:policy/AmazonDynamoDBFullAccess"
                },
                "aws_iam_user_policy_attachment_tfer--GithubServiceAccount_AmazonS3FullAccess_id": {
                    "sensitive": false,
                    "type": "string",
                    "value": "GithubServiceAccount/arn:aws:iam::aws:policy/AmazonS3FullAccess"
                },
                "aws_iam_user_policy_tfer--GithubServiceAccount_InvalidateCloudFrontCache_id": {
                    "sensitive": false,
                    "type": "string",
                    "value": "GithubServiceAccount:InvalidateCloudFrontCache"
                },
                "aws_iam_user_tfer--AIDA5FTZFCWDBZ456FQ2Q_id": {
                    "sensitive": false,
                    "type": "string",
                    "value": "GithubServiceAccount"
                }
            },
            "resources": {
                "aws_iam_policy.tfer--AWSLambdaBasicExecutionRole-002D-03ce626f-002D-065a-002D-47ad-002D-bbca-002D-2009e4a9795a": {
                    "type": "aws_iam_policy",
                    "depends_on": [],
                    "primary": {
                        "id": "arn:aws:iam::905418446214:policy/service-role/AWSLambdaBasicExecutionRole-03ce626f-065a-47ad-bbca-2009e4a9795a",
                        "attributes": {
                            "arn": "arn:aws:iam::905418446214:policy/service-role/AWSLambdaBasicExecutionRole-03ce626f-065a-47ad-bbca-2009e4a9795a",
                            "attachment_count": "1",
                            "description": "",
                            "id": "arn:aws:iam::905418446214:policy/service-role/AWSLambdaBasicExecutionRole-03ce626f-065a-47ad-bbca-2009e4a9795a",
                            "name": "AWSLambdaBasicExecutionRole-03ce626f-065a-47ad-bbca-2009e4a9795a",
                            "name_prefix": "",
                            "path": "/service-role/",
                            "policy": "{\"Statement\":[{\"Action\":\"logs:CreateLogGroup\",\"Effect\":\"Allow\",\"Resource\":\"arn:aws:logs:us-east-1:905418446214:*\"},{\"Action\":[\"logs:CreateLogStream\",\"logs:PutLogEvents\"],\"Effect\":\"Allow\",\"Resource\":[\"arn:aws:logs:us-east-1:905418446214:log-group:/aws/lambda/getCount:*\"]}],\"Version\":\"2012-10-17\"}",
                            "policy_id": "ANPA5FTZFCWDBNV2OX2RY",
                            "tags.%": "0",
                            "tags_all.%": "0"
                        },
                        "meta": {
                            "schema_version": 0
                        },
                        "tainted": false
                    },
                    "deposed": [],
                    "provider": "provider.aws"
                },
                "aws_iam_policy.tfer--AWSLambdaBasicExecutionRole-002D-92d88dc7-002D-446e-002D-4b7c-002D-8e28-002D-25fcaa26ad6a": {
                    "type": "aws_iam_policy",
                    "depends_on": [],
                    "primary": {
                        "id": "arn:aws:iam::905418446214:policy/service-role/AWSLambdaBasicExecutionRole-92d88dc7-446e-4b7c-8e28-25fcaa26ad6a",
                        "attributes": {
                            "arn": "arn:aws:iam::905418446214:policy/service-role/AWSLambdaBasicExecutionRole-92d88dc7-446e-4b7c-8e28-25fcaa26ad6a",
                            "attachment_count": "1",
                            "description": "",
                            "id": "arn:aws:iam::905418446214:policy/service-role/AWSLambdaBasicExecutionRole-92d88dc7-446e-4b7c-8e28-25fcaa26ad6a",
                            "name": "AWSLambdaBasicExecutionRole-92d88dc7-446e-4b7c-8e28-25fcaa26ad6a",
                            "name_prefix": "",
                            "path": "/service-role/",
                            "policy": "{\"Statement\":[{\"Action\":\"logs:CreateLogGroup\",\"Effect\":\"Allow\",\"Resource\":\"arn:aws:logs:us-east-1:905418446214:*\"},{\"Action\":[\"logs:CreateLogStream\",\"logs:PutLogEvents\"],\"Effect\":\"Allow\",\"Resource\":[\"arn:aws:logs:us-east-1:905418446214:log-group:/aws/lambda/updateCount:*\"]}],\"Version\":\"2012-10-17\"}",
                            "policy_id": "ANPA5FTZFCWDEKOPWNOET",
                            "tags.%": "0",
                            "tags_all.%": "0"
                        },
                        "meta": {
                            "schema_version": 0
                        },
                        "tainted": false
                    },
                    "deposed": [],
                    "provider": "provider.aws"
                },
                "aws_iam_policy.tfer--AWSLambdaMicroserviceExecutionRole-002D-fe178409-002D-fdaa-002D-4436-002D-b9ed-002D-17cef86ceb71": {
                    "type": "aws_iam_policy",
                    "depends_on": [],
                    "primary": {
                        "id": "arn:aws:iam::905418446214:policy/service-role/AWSLambdaMicroserviceExecutionRole-fe178409-fdaa-4436-b9ed-17cef86ceb71",
                        "attributes": {
                            "arn": "arn:aws:iam::905418446214:policy/service-role/AWSLambdaMicroserviceExecutionRole-fe178409-fdaa-4436-b9ed-17cef86ceb71",
                            "attachment_count": "1",
                            "description": "",
                            "id": "arn:aws:iam::905418446214:policy/service-role/AWSLambdaMicroserviceExecutionRole-fe178409-fdaa-4436-b9ed-17cef86ceb71",
                            "name": "AWSLambdaMicroserviceExecutionRole-fe178409-fdaa-4436-b9ed-17cef86ceb71",
                            "name_prefix": "",
                            "path": "/service-role/",
                            "policy": "{\"Statement\":[{\"Action\":[\"dynamodb:DeleteItem\",\"dynamodb:GetItem\",\"dynamodb:PutItem\",\"dynamodb:Scan\",\"dynamodb:UpdateItem\"],\"Effect\":\"Allow\",\"Resource\":\"arn:aws:dynamodb:us-east-1:905418446214:table/*\"}],\"Version\":\"2012-10-17\"}",
                            "policy_id": "ANPA5FTZFCWDJJQGPKWUS",
                            "tags.%": "0",
                            "tags_all.%": "0"
                        },
                        "meta": {
                            "schema_version": 0
                        },
                        "tainted": false
                    },
                    "deposed": [],
                    "provider": "provider.aws"
                },
                "aws_iam_role.tfer--AWSReservedSSO_PowerUserAccess_c7ae13e87abf0466": {
                    "type": "aws_iam_role",
                    "depends_on": [],
                    "primary": {
                        "id": "AWSReservedSSO_PowerUserAccess_c7ae13e87abf0466",
                        "attributes": {
                            "arn": "arn:aws:iam::905418446214:role/aws-reserved/sso.amazonaws.com/AWSReservedSSO_PowerUserAccess_c7ae13e87abf0466",
                            "assume_role_policy": "{\"Statement\":[{\"Action\":[\"sts:AssumeRoleWithSAML\",\"sts:TagSession\"],\"Condition\":{\"StringEquals\":{\"SAML:aud\":\"https://signin.aws.amazon.com/saml\"}},\"Effect\":\"Allow\",\"Principal\":{\"Federated\":\"arn:aws:iam::905418446214:saml-provider/AWSSSO_445c371eedb8500c_DO_NOT_DELETE\"}}],\"Version\":\"2012-10-17\"}",
                            "create_date": "2024-04-19T17:35:03Z",
                            "description": "",
                            "id": "AWSReservedSSO_PowerUserAccess_c7ae13e87abf0466",
                            "managed_policy_arns.#": "1",
                            "managed_policy_arns.0": "arn:aws:iam::aws:policy/PowerUserAccess",
                            "max_session_duration": "43200",
                            "name": "AWSReservedSSO_PowerUserAccess_c7ae13e87abf0466",
                            "name_prefix": "",
                            "path": "/aws-reserved/sso.amazonaws.com/",
                            "permissions_boundary": "",
                            "tags.%": "0",
                            "tags_all.%": "0",
                            "unique_id": "AROA5FTZFCWDFKO33RZ5R"
                        },
                        "meta": {
                            "schema_version": 0
                        },
                        "tainted": false
                    },
                    "deposed": [],
                    "provider": "provider.aws"
                },
                "aws_iam_role.tfer--AWSServiceRoleForAPIGateway": {
                    "type": "aws_iam_role",
                    "depends_on": [],
                    "primary": {
                        "id": "AWSServiceRoleForAPIGateway",
                        "attributes": {
                            "arn": "arn:aws:iam::905418446214:role/aws-service-role/ops.apigateway.amazonaws.com/AWSServiceRoleForAPIGateway",
                            "assume_role_policy": "{\"Statement\":[{\"Action\":\"sts:AssumeRole\",\"Effect\":\"Allow\",\"Principal\":{\"Service\":\"ops.apigateway.amazonaws.com\"}}],\"Version\":\"2012-10-17\"}",
                            "create_date": "2024-04-21T18:50:15Z",
                            "description": "The Service Linked Role is used by Amazon API Gateway.",
                            "id": "AWSServiceRoleForAPIGateway",
                            "managed_policy_arns.#": "1",
                            "managed_policy_arns.0": "arn:aws:iam::aws:policy/aws-service-role/APIGatewayServiceRolePolicy",
                            "max_session_duration": "3600",
                            "name": "AWSServiceRoleForAPIGateway",
                            "name_prefix": "",
                            "path": "/aws-service-role/ops.apigateway.amazonaws.com/",
                            "permissions_boundary": "",
                            "tags.%": "0",
                            "tags_all.%": "0",
                            "unique_id": "AROA5FTZFCWDEWDY5HYOE"
                        },
                        "meta": {
                            "schema_version": 0
                        },
                        "tainted": false
                    },
                    "deposed": [],
                    "provider": "provider.aws"
                },
                "aws_iam_role.tfer--AWSServiceRoleForOrganizations": {
                    "type": "aws_iam_role",
                    "depends_on": [],
                    "primary": {
                        "id": "AWSServiceRoleForOrganizations",
                        "attributes": {
                            "arn": "arn:aws:iam::905418446214:role/aws-service-role/organizations.amazonaws.com/AWSServiceRoleForOrganizations",
                            "assume_role_policy": "{\"Statement\":[{\"Action\":\"sts:AssumeRole\",\"Effect\":\"Allow\",\"Principal\":{\"Service\":\"organizations.amazonaws.com\"}}],\"Version\":\"2012-10-17\"}",
                            "create_date": "2024-04-19T02:15:25Z",
                            "description": "Service-linked role used by AWS Organizations to enable integration of other AWS services with Organizations.",
                            "id": "AWSServiceRoleForOrganizations",
                            "managed_policy_arns.#": "1",
                            "managed_policy_arns.0": "arn:aws:iam::aws:policy/aws-service-role/AWSOrganizationsServiceTrustPolicy",
                            "max_session_duration": "3600",
                            "name": "AWSServiceRoleForOrganizations",
                            "name_prefix": "",
                            "path": "/aws-service-role/organizations.amazonaws.com/",
                            "permissions_boundary": "",
                            "tags.%": "0",
                            "tags_all.%": "0",
                            "unique_id": "AROA5FTZFCWDKY7YJRUEX"
                        },
                        "meta": {
                            "schema_version": 0
                        },
                        "tainted": false
                    },
                    "deposed": [],
                    "provider": "provider.aws"
                },
                "aws_iam_role.tfer--AWSServiceRoleForSSO": {
                    "type": "aws_iam_role",
                    "depends_on": [],
                    "primary": {
                        "id": "AWSServiceRoleForSSO",
                        "attributes": {
                            "arn": "arn:aws:iam::905418446214:role/aws-service-role/sso.amazonaws.com/AWSServiceRoleForSSO",
                            "assume_role_policy": "{\"Statement\":[{\"Action\":\"sts:AssumeRole\",\"Effect\":\"Allow\",\"Principal\":{\"Service\":\"sso.amazonaws.com\"}}],\"Version\":\"2012-10-17\"}",
                            "create_date": "2024-04-19T17:26:38Z",
                            "description": "Service-linked role used by AWS SSO to manage AWS resources, including IAM roles, policies and SAML IdP on your behalf.",
                            "id": "AWSServiceRoleForSSO",
                            "managed_policy_arns.#": "1",
                            "managed_policy_arns.0": "arn:aws:iam::aws:policy/aws-service-role/AWSSSOServiceRolePolicy",
                            "max_session_duration": "3600",
                            "name": "AWSServiceRoleForSSO",
                            "name_prefix": "",
                            "path": "/aws-service-role/sso.amazonaws.com/",
                            "permissions_boundary": "",
                            "tags.%": "0",
                            "tags_all.%": "0",
                            "unique_id": "AROA5FTZFCWDIT5453AXZ"
                        },
                        "meta": {
                            "schema_version": 0
                        },
                        "tainted": false
                    },
                    "deposed": [],
                    "provider": "provider.aws"
                },
                "aws_iam_role.tfer--AWSServiceRoleForSupport": {
                    "type": "aws_iam_role",
                    "depends_on": [],
                    "primary": {
                        "id": "AWSServiceRoleForSupport",
                        "attributes": {
                            "arn": "arn:aws:iam::905418446214:role/aws-service-role/support.amazonaws.com/AWSServiceRoleForSupport",
                            "assume_role_policy": "{\"Statement\":[{\"Action\":\"sts:AssumeRole\",\"Effect\":\"Allow\",\"Principal\":{\"Service\":\"support.amazonaws.com\"}}],\"Version\":\"2012-10-17\"}",
                            "create_date": "2024-04-19T02:15:24Z",
                            "description": "Enables resource access for AWS to provide billing, administrative and support services",
                            "id": "AWSServiceRoleForSupport",
                            "managed_policy_arns.#": "1",
                            "managed_policy_arns.0": "arn:aws:iam::aws:policy/aws-service-role/AWSSupportServiceRolePolicy",
                            "max_session_duration": "3600",
                            "name": "AWSServiceRoleForSupport",
                            "name_prefix": "",
                            "path": "/aws-service-role/support.amazonaws.com/",
                            "permissions_boundary": "",
                            "tags.%": "0",
                            "tags_all.%": "0",
                            "unique_id": "AROA5FTZFCWDO7GTIHQNQ"
                        },
                        "meta": {
                            "schema_version": 0
                        },
                        "tainted": false
                    },
                    "deposed": [],
                    "provider": "provider.aws"
                },
                "aws_iam_role.tfer--AWSServiceRoleForTrustedAdvisor": {
                    "type": "aws_iam_role",
                    "depends_on": [],
                    "primary": {
                        "id": "AWSServiceRoleForTrustedAdvisor",
                        "attributes": {
                            "arn": "arn:aws:iam::905418446214:role/aws-service-role/trustedadvisor.amazonaws.com/AWSServiceRoleForTrustedAdvisor",
                            "assume_role_policy": "{\"Statement\":[{\"Action\":\"sts:AssumeRole\",\"Effect\":\"Allow\",\"Principal\":{\"Service\":\"trustedadvisor.amazonaws.com\"}}],\"Version\":\"2012-10-17\"}",
                            "create_date": "2024-04-19T02:15:24Z",
                            "description": "Access for the AWS Trusted Advisor Service to help reduce cost, increase performance, and improve security of your AWS environment.",
                            "id": "AWSServiceRoleForTrustedAdvisor",
                            "managed_policy_arns.#": "1",
                            "managed_policy_arns.0": "arn:aws:iam::aws:policy/aws-service-role/AWSTrustedAdvisorServiceRolePolicy",
                            "max_session_duration": "3600",
                            "name": "AWSServiceRoleForTrustedAdvisor",
                            "name_prefix": "",
                            "path": "/aws-service-role/trustedadvisor.amazonaws.com/",
                            "permissions_boundary": "",
                            "tags.%": "0",
                            "tags_all.%": "0",
                            "unique_id": "AROA5FTZFCWDALJEBVNAZ"
                        },
                        "meta": {
                            "schema_version": 0
                        },
                        "tainted": false
                    },
                    "deposed": [],
                    "provider": "provider.aws"
                },
                "aws_iam_role.tfer--OrganizationAccountAccessRole": {
                    "type": "aws_iam_role",
                    "depends_on": [],
                    "primary": {
                        "id": "OrganizationAccountAccessRole",
                        "attributes": {
                            "arn": "arn:aws:iam::905418446214:role/OrganizationAccountAccessRole",
                            "assume_role_policy": "{\"Statement\":[{\"Action\":\"sts:AssumeRole\",\"Effect\":\"Allow\",\"Principal\":{\"AWS\":\"arn:aws:iam::905418229056:root\"}}],\"Version\":\"2012-10-17\"}",
                            "create_date": "2024-04-19T02:15:24Z",
                            "description": "",
                            "id": "OrganizationAccountAccessRole",
                            "managed_policy_arns.#": "1",
                            "managed_policy_arns.0": "arn:aws:iam::aws:policy/AdministratorAccess",
                            "max_session_duration": "3600",
                            "name": "OrganizationAccountAccessRole",
                            "name_prefix": "",
                            "path": "/",
                            "permissions_boundary": "",
                            "tags.%": "0",
                            "tags_all.%": "0",
                            "unique_id": "AROA5FTZFCWDHYISV5E66"
                        },
                        "meta": {
                            "schema_version": 0
                        },
                        "tainted": false
                    },
                    "deposed": [],
                    "provider": "provider.aws"
                },
                "aws_iam_role.tfer--databaseRW": {
                    "type": "aws_iam_role",
                    "depends_on": [],
                    "primary": {
                        "id": "databaseRW",
                        "attributes": {
                            "arn": "arn:aws:iam::905418446214:role/service-role/databaseRW",
                            "assume_role_policy": "{\"Statement\":[{\"Action\":\"sts:AssumeRole\",\"Effect\":\"Allow\",\"Principal\":{\"Service\":\"lambda.amazonaws.com\"}}],\"Version\":\"2012-10-17\"}",
                            "create_date": "2024-04-21T18:49:03Z",
                            "description": "",
                            "id": "databaseRW",
                            "managed_policy_arns.#": "2",
                            "managed_policy_arns.0": "arn:aws:iam::905418446214:policy/service-role/AWSLambdaBasicExecutionRole-92d88dc7-446e-4b7c-8e28-25fcaa26ad6a",
                            "managed_policy_arns.1": "arn:aws:iam::905418446214:policy/service-role/AWSLambdaMicroserviceExecutionRole-fe178409-fdaa-4436-b9ed-17cef86ceb71",
                            "max_session_duration": "3600",
                            "name": "databaseRW",
                            "name_prefix": "",
                            "path": "/service-role/",
                            "permissions_boundary": "",
                            "tags.%": "0",
                            "tags_all.%": "0",
                            "unique_id": "AROA5FTZFCWDGZLAHKDHD"
                        },
                        "meta": {
                            "schema_version": 0
                        },
                        "tainted": false
                    },
                    "deposed": [],
                    "provider": "provider.aws"
                },
                "aws_iam_role.tfer--getCount-002D-role-002D-6e4uduy7": {
                    "type": "aws_iam_role",
                    "depends_on": [],
                    "primary": {
                        "id": "getCount-role-6e4uduy7",
                        "attributes": {
                            "arn": "arn:aws:iam::905418446214:role/service-role/getCount-role-6e4uduy7",
                            "assume_role_policy": "{\"Statement\":[{\"Action\":\"sts:AssumeRole\",\"Effect\":\"Allow\",\"Principal\":{\"Service\":\"lambda.amazonaws.com\"}}],\"Version\":\"2012-10-17\"}",
                            "create_date": "2024-04-21T20:54:12Z",
                            "description": "",
                            "id": "getCount-role-6e4uduy7",
                            "managed_policy_arns.#": "1",
                            "managed_policy_arns.0": "arn:aws:iam::905418446214:policy/service-role/AWSLambdaBasicExecutionRole-03ce626f-065a-47ad-bbca-2009e4a9795a",
                            "max_session_duration": "3600",
                            "name": "getCount-role-6e4uduy7",
                            "name_prefix": "",
                            "path": "/service-role/",
                            "permissions_boundary": "",
                            "tags.%": "0",
                            "tags_all.%": "0",
                            "unique_id": "AROA5FTZFCWDI3K4NQVPU"
                        },
                        "meta": {
                            "schema_version": 0
                        },
                        "tainted": false
                    },
                    "deposed": [],
                    "provider": "provider.aws"
                },
                "aws_iam_role_policy_attachment.tfer--AWSReservedSSO_PowerUserAccess_c7ae13e87abf0466_PowerUserAccess": {
                    "type": "aws_iam_role_policy_attachment",
                    "depends_on": [],
                    "primary": {
                        "id": "AWSReservedSSO_PowerUserAccess_c7ae13e87abf0466/arn:aws:iam::aws:policy/PowerUserAccess",
                        "attributes": {
                            "id": "AWSReservedSSO_PowerUserAccess_c7ae13e87abf0466/arn:aws:iam::aws:policy/PowerUserAccess",
                            "policy_arn": "arn:aws:iam::aws:policy/PowerUserAccess",
                            "role": "AWSReservedSSO_PowerUserAccess_c7ae13e87abf0466"
                        },
                        "meta": {
                            "schema_version": 0
                        },
                        "tainted": false
                    },
                    "deposed": [],
                    "provider": "provider.aws"
                },
                "aws_iam_role_policy_attachment.tfer--AWSServiceRoleForAPIGateway_APIGatewayServiceRolePolicy": {
                    "type": "aws_iam_role_policy_attachment",
                    "depends_on": [],
                    "primary": {
                        "id": "AWSServiceRoleForAPIGateway/arn:aws:iam::aws:policy/aws-service-role/APIGatewayServiceRolePolicy",
                        "attributes": {
                            "id": "AWSServiceRoleForAPIGateway/arn:aws:iam::aws:policy/aws-service-role/APIGatewayServiceRolePolicy",
                            "policy_arn": "arn:aws:iam::aws:policy/aws-service-role/APIGatewayServiceRolePolicy",
                            "role": "AWSServiceRoleForAPIGateway"
                        },
                        "meta": {
                            "schema_version": 0
                        },
                        "tainted": false
                    },
                    "deposed": [],
                    "provider": "provider.aws"
                },
                "aws_iam_role_policy_attachment.tfer--AWSServiceRoleForOrganizations_AWSOrganizationsServiceTrustPolicy": {
                    "type": "aws_iam_role_policy_attachment",
                    "depends_on": [],
                    "primary": {
                        "id": "AWSServiceRoleForOrganizations/arn:aws:iam::aws:policy/aws-service-role/AWSOrganizationsServiceTrustPolicy",
                        "attributes": {
                            "id": "AWSServiceRoleForOrganizations/arn:aws:iam::aws:policy/aws-service-role/AWSOrganizationsServiceTrustPolicy",
                            "policy_arn": "arn:aws:iam::aws:policy/aws-service-role/AWSOrganizationsServiceTrustPolicy",
                            "role": "AWSServiceRoleForOrganizations"
                        },
                        "meta": {
                            "schema_version": 0
                        },
                        "tainted": false
                    },
                    "deposed": [],
                    "provider": "provider.aws"
                },
                "aws_iam_role_policy_attachment.tfer--AWSServiceRoleForSSO_AWSSSOServiceRolePolicy": {
                    "type": "aws_iam_role_policy_attachment",
                    "depends_on": [],
                    "primary": {
                        "id": "AWSServiceRoleForSSO/arn:aws:iam::aws:policy/aws-service-role/AWSSSOServiceRolePolicy",
                        "attributes": {
                            "id": "AWSServiceRoleForSSO/arn:aws:iam::aws:policy/aws-service-role/AWSSSOServiceRolePolicy",
                            "policy_arn": "arn:aws:iam::aws:policy/aws-service-role/AWSSSOServiceRolePolicy",
                            "role": "AWSServiceRoleForSSO"
                        },
                        "meta": {
                            "schema_version": 0
                        },
                        "tainted": false
                    },
                    "deposed": [],
                    "provider": "provider.aws"
                },
                "aws_iam_role_policy_attachment.tfer--AWSServiceRoleForSupport_AWSSupportServiceRolePolicy": {
                    "type": "aws_iam_role_policy_attachment",
                    "depends_on": [],
                    "primary": {
                        "id": "AWSServiceRoleForSupport/arn:aws:iam::aws:policy/aws-service-role/AWSSupportServiceRolePolicy",
                        "attributes": {
                            "id": "AWSServiceRoleForSupport/arn:aws:iam::aws:policy/aws-service-role/AWSSupportServiceRolePolicy",
                            "policy_arn": "arn:aws:iam::aws:policy/aws-service-role/AWSSupportServiceRolePolicy",
                            "role": "AWSServiceRoleForSupport"
                        },
                        "meta": {
                            "schema_version": 0
                        },
                        "tainted": false
                    },
                    "deposed": [],
                    "provider": "provider.aws"
                },
                "aws_iam_role_policy_attachment.tfer--AWSServiceRoleForTrustedAdvisor_AWSTrustedAdvisorServiceRolePolicy": {
                    "type": "aws_iam_role_policy_attachment",
                    "depends_on": [],
                    "primary": {
                        "id": "AWSServiceRoleForTrustedAdvisor/arn:aws:iam::aws:policy/aws-service-role/AWSTrustedAdvisorServiceRolePolicy",
                        "attributes": {
                            "id": "AWSServiceRoleForTrustedAdvisor/arn:aws:iam::aws:policy/aws-service-role/AWSTrustedAdvisorServiceRolePolicy",
                            "policy_arn": "arn:aws:iam::aws:policy/aws-service-role/AWSTrustedAdvisorServiceRolePolicy",
                            "role": "AWSServiceRoleForTrustedAdvisor"
                        },
                        "meta": {
                            "schema_version": 0
                        },
                        "tainted": false
                    },
                    "deposed": [],
                    "provider": "provider.aws"
                },
                "aws_iam_role_policy_attachment.tfer--OrganizationAccountAccessRole_AdministratorAccess": {
                    "type": "aws_iam_role_policy_attachment",
                    "depends_on": [],
                    "primary": {
                        "id": "OrganizationAccountAccessRole/arn:aws:iam::aws:policy/AdministratorAccess",
                        "attributes": {
                            "id": "OrganizationAccountAccessRole/arn:aws:iam::aws:policy/AdministratorAccess",
                            "policy_arn": "arn:aws:iam::aws:policy/AdministratorAccess",
                            "role": "OrganizationAccountAccessRole"
                        },
                        "meta": {
                            "schema_version": 0
                        },
                        "tainted": false
                    },
                    "deposed": [],
                    "provider": "provider.aws"
                },
                "aws_iam_role_policy_attachment.tfer--databaseRW_AWSLambdaBasicExecutionRole-002D-92d88dc7-002D-446e-002D-4b7c-002D-8e28-002D-25fcaa26ad6a": {
                    "type": "aws_iam_role_policy_attachment",
                    "depends_on": [],
                    "primary": {
                        "id": "databaseRW/arn:aws:iam::905418446214:policy/service-role/AWSLambdaBasicExecutionRole-92d88dc7-446e-4b7c-8e28-25fcaa26ad6a",
                        "attributes": {
                            "id": "databaseRW/arn:aws:iam::905418446214:policy/service-role/AWSLambdaBasicExecutionRole-92d88dc7-446e-4b7c-8e28-25fcaa26ad6a",
                            "policy_arn": "arn:aws:iam::905418446214:policy/service-role/AWSLambdaBasicExecutionRole-92d88dc7-446e-4b7c-8e28-25fcaa26ad6a",
                            "role": "databaseRW"
                        },
                        "meta": {
                            "schema_version": 0
                        },
                        "tainted": false
                    },
                    "deposed": [],
                    "provider": "provider.aws"
                },
                "aws_iam_role_policy_attachment.tfer--databaseRW_AWSLambdaMicroserviceExecutionRole-002D-fe178409-002D-fdaa-002D-4436-002D-b9ed-002D-17cef86ceb71": {
                    "type": "aws_iam_role_policy_attachment",
                    "depends_on": [],
                    "primary": {
                        "id": "databaseRW/arn:aws:iam::905418446214:policy/service-role/AWSLambdaMicroserviceExecutionRole-fe178409-fdaa-4436-b9ed-17cef86ceb71",
                        "attributes": {
                            "id": "databaseRW/arn:aws:iam::905418446214:policy/service-role/AWSLambdaMicroserviceExecutionRole-fe178409-fdaa-4436-b9ed-17cef86ceb71",
                            "policy_arn": "arn:aws:iam::905418446214:policy/service-role/AWSLambdaMicroserviceExecutionRole-fe178409-fdaa-4436-b9ed-17cef86ceb71",
                            "role": "databaseRW"
                        },
                        "meta": {
                            "schema_version": 0
                        },
                        "tainted": false
                    },
                    "deposed": [],
                    "provider": "provider.aws"
                },
                "aws_iam_role_policy_attachment.tfer--getCount-002D-role-002D-6e4uduy7_AWSLambdaBasicExecutionRole-002D-03ce626f-002D-065a-002D-47ad-002D-bbca-002D-2009e4a9795a": {
                    "type": "aws_iam_role_policy_attachment",
                    "depends_on": [],
                    "primary": {
                        "id": "getCount-role-6e4uduy7/arn:aws:iam::905418446214:policy/service-role/AWSLambdaBasicExecutionRole-03ce626f-065a-47ad-bbca-2009e4a9795a",
                        "attributes": {
                            "id": "getCount-role-6e4uduy7/arn:aws:iam::905418446214:policy/service-role/AWSLambdaBasicExecutionRole-03ce626f-065a-47ad-bbca-2009e4a9795a",
                            "policy_arn": "arn:aws:iam::905418446214:policy/service-role/AWSLambdaBasicExecutionRole-03ce626f-065a-47ad-bbca-2009e4a9795a",
                            "role": "getCount-role-6e4uduy7"
                        },
                        "meta": {
                            "schema_version": 0
                        },
                        "tainted": false
                    },
                    "deposed": [],
                    "provider": "provider.aws"
                },
                "aws_iam_user.tfer--AIDA5FTZFCWDBZ456FQ2Q": {
                    "type": "aws_iam_user",
                    "depends_on": [],
                    "primary": {
                        "id": "GithubServiceAccount",
                        "attributes": {
                            "arn": "arn:aws:iam::905418446214:user/GithubServiceAccount",
                            "force_destroy": "false",
                            "id": "GithubServiceAccount",
                            "name": "GithubServiceAccount",
                            "path": "/",
                            "permissions_boundary": "",
                            "tags.%": "1",
                            "tags.AKIA5FTZFCWDDHGQESVI": "GithubActionsAccessKey",
                            "tags_all.%": "1",
                            "tags_all.AKIA5FTZFCWDDHGQESVI": "GithubActionsAccessKey",
                            "unique_id": "AIDA5FTZFCWDBZ456FQ2Q"
                        },
                        "meta": {
                            "schema_version": 0
                        },
                        "tainted": false
                    },
                    "deposed": [],
                    "provider": "provider.aws"
                },
                "aws_iam_user_policy.tfer--GithubServiceAccount_InvalidateCloudFrontCache": {
                    "type": "aws_iam_user_policy",
                    "depends_on": [],
                    "primary": {
                        "id": "GithubServiceAccount:InvalidateCloudFrontCache",
                        "attributes": {
                            "id": "GithubServiceAccount:InvalidateCloudFrontCache",
                            "name": "InvalidateCloudFrontCache",
                            "name_prefix": "",
                            "policy": "{\"Version\":\"2012-10-17\",\"Statement\":[{\"Action\":\"cloudfront:CreateInvalidation\",\"Effect\":\"Allow\",\"Resource\":\"*\",\"Sid\":\"VisualEditor0\"}]}",
                            "user": "GithubServiceAccount"
                        },
                        "meta": {
                            "schema_version": 0
                        },
                        "tainted": false
                    },
                    "deposed": [],
                    "provider": "provider.aws"
                },
                "aws_iam_user_policy_attachment.tfer--GithubServiceAccount_AmazonDynamoDBFullAccess": {
                    "type": "aws_iam_user_policy_attachment",
                    "depends_on": [],
                    "primary": {
                        "id": "GithubServiceAccount/arn:aws:iam::aws:policy/AmazonDynamoDBFullAccess",
                        "attributes": {
                            "id": "GithubServiceAccount/arn:aws:iam::aws:policy/AmazonDynamoDBFullAccess",
                            "policy_arn": "arn:aws:iam::aws:policy/AmazonDynamoDBFullAccess",
                            "user": "GithubServiceAccount"
                        },
                        "meta": {
                            "schema_version": 0
                        },
                        "tainted": false
                    },
                    "deposed": [],
                    "provider": "provider.aws"
                },
                "aws_iam_user_policy_attachment.tfer--GithubServiceAccount_AmazonS3FullAccess": {
                    "type": "aws_iam_user_policy_attachment",
                    "depends_on": [],
                    "primary": {
                        "id": "GithubServiceAccount/arn:aws:iam::aws:policy/AmazonS3FullAccess",
                        "attributes": {
                            "id": "GithubServiceAccount/arn:aws:iam::aws:policy/AmazonS3FullAccess",
                            "policy_arn": "arn:aws:iam::aws:policy/AmazonS3FullAccess",
                            "user": "GithubServiceAccount"
                        },
                        "meta": {
                            "schema_version": 0
                        },
                        "tainted": false
                    },
                    "deposed": [],
                    "provider": "provider.aws"
                }
            },
            "depends_on": []
        }
    ]
}
