{
    "version": 3,
    "terraform_version": "0.12.29",
    "serial": 1,
    "lineage": "02175e90-072a-1041-524b-acea7f37b244",
    "modules": [
        {
            "path": [
                "root"
            ],
            "outputs": {
                "aws_acm_certificate_tfer--5ca53b03-002D-f429-002D-42b3-002D-9ad0-002D-77672d934e7f_bryval-002E-tech_id": {
                    "sensitive": false,
                    "type": "string",
                    "value": "arn:aws:acm:us-east-1:905418446214:certificate/5ca53b03-f429-42b3-9ad0-77672d934e7f"
                },
                "aws_cloudfront_distribution_tfer--E1ULMG9K6R52JJ_id": {
                    "sensitive": false,
                    "type": "string",
                    "value": "E1ULMG9K6R52JJ"
                },
                "aws_cloudfront_distribution_tfer--EY8DKP6IFJJSH_id": {
                    "sensitive": false,
                    "type": "string",
                    "value": "EY8DKP6IFJJSH"
                },
                "aws_dynamodb_table_tfer--bryval-002D-update_id": {
                    "sensitive": false,
                    "type": "string",
                    "value": "bryval-update"
                },
                "aws_iam_policy_tfer--AWSLambdaBasicExecutionRole-002D-03ce626f-002D-065a-002D-47ad-002D-bbca-002D-2009e4a9795a_id": {
                    "sensitive": false,
                    "type": "string",
                    "value": "arn:aws:iam::905418446214:policy/service-role/AWSLambdaBasicExecutionRole-03ce626f-065a-47ad-bbca-2009e4a9795a"
                },
                "aws_iam_policy_tfer--AWSLambdaBasicExecutionRole-002D-92d88dc7-002D-446e-002D-4b7c-002D-8e28-002D-25fcaa26ad6a_id": {
                    "sensitive": false,
                    "type": "string",
                    "value": "arn:aws:iam::905418446214:policy/service-role/AWSLambdaBasicExecutionRole-92d88dc7-446e-4b7c-8e28-25fcaa26ad6a"
                },
                "aws_iam_policy_tfer--AWSLambdaMicroserviceExecutionRole-002D-fe178409-002D-fdaa-002D-4436-002D-b9ed-002D-17cef86ceb71_id": {
                    "sensitive": false,
                    "type": "string",
                    "value": "arn:aws:iam::905418446214:policy/service-role/AWSLambdaMicroserviceExecutionRole-fe178409-fdaa-4436-b9ed-17cef86ceb71"
                },
                "aws_iam_role_policy_attachment_tfer--AWSReservedSSO_PowerUserAccess_c7ae13e87abf0466_PowerUserAccess_id": {
                    "sensitive": false,
                    "type": "string",
                    "value": "AWSReservedSSO_PowerUserAccess_c7ae13e87abf0466/arn:aws:iam::aws:policy/PowerUserAccess"
                },
                "aws_iam_role_policy_attachment_tfer--AWSServiceRoleForAPIGateway_APIGatewayServiceRolePolicy_id": {
                    "sensitive": false,
                    "type": "string",
                    "value": "AWSServiceRoleForAPIGateway/arn:aws:iam::aws:policy/aws-service-role/APIGatewayServiceRolePolicy"
                },
                "aws_iam_role_policy_attachment_tfer--AWSServiceRoleForOrganizations_AWSOrganizationsServiceTrustPolicy_id": {
                    "sensitive": false,
                    "type": "string",
                    "value": "AWSServiceRoleForOrganizations/arn:aws:iam::aws:policy/aws-service-role/AWSOrganizationsServiceTrustPolicy"
                },
                "aws_iam_role_policy_attachment_tfer--AWSServiceRoleForSSO_AWSSSOServiceRolePolicy_id": {
                    "sensitive": false,
                    "type": "string",
                    "value": "AWSServiceRoleForSSO/arn:aws:iam::aws:policy/aws-service-role/AWSSSOServiceRolePolicy"
                },
                "aws_iam_role_policy_attachment_tfer--AWSServiceRoleForSupport_AWSSupportServiceRolePolicy_id": {
                    "sensitive": false,
                    "type": "string",
                    "value": "AWSServiceRoleForSupport/arn:aws:iam::aws:policy/aws-service-role/AWSSupportServiceRolePolicy"
                },
                "aws_iam_role_policy_attachment_tfer--AWSServiceRoleForTrustedAdvisor_AWSTrustedAdvisorServiceRolePolicy_id": {
                    "sensitive": false,
                    "type": "string",
                    "value": "AWSServiceRoleForTrustedAdvisor/arn:aws:iam::aws:policy/aws-service-role/AWSTrustedAdvisorServiceRolePolicy"
                },
                "aws_iam_role_policy_attachment_tfer--OrganizationAccountAccessRole_AdministratorAccess_id": {
                    "sensitive": false,
                    "type": "string",
                    "value": "OrganizationAccountAccessRole/arn:aws:iam::aws:policy/AdministratorAccess"
                },
                "aws_iam_role_policy_attachment_tfer--databaseRW_AWSLambdaBasicExecutionRole-002D-92d88dc7-002D-446e-002D-4b7c-002D-8e28-002D-25fcaa26ad6a_id": {
                    "sensitive": false,
                    "type": "string",
                    "value": "databaseRW/arn:aws:iam::905418446214:policy/service-role/AWSLambdaBasicExecutionRole-92d88dc7-446e-4b7c-8e28-25fcaa26ad6a"
                },
                "aws_iam_role_policy_attachment_tfer--databaseRW_AWSLambdaMicroserviceExecutionRole-002D-fe178409-002D-fdaa-002D-4436-002D-b9ed-002D-17cef86ceb71_id": {
                    "sensitive": false,
                    "type": "string",
                    "value": "databaseRW/arn:aws:iam::905418446214:policy/service-role/AWSLambdaMicroserviceExecutionRole-fe178409-fdaa-4436-b9ed-17cef86ceb71"
                },
                "aws_iam_role_policy_attachment_tfer--getCount-002D-role-002D-6e4uduy7_AWSLambdaBasicExecutionRole-002D-03ce626f-002D-065a-002D-47ad-002D-bbca-002D-2009e4a9795a_id": {
                    "sensitive": false,
                    "type": "string",
                    "value": "getCount-role-6e4uduy7/arn:aws:iam::905418446214:policy/service-role/AWSLambdaBasicExecutionRole-03ce626f-065a-47ad-bbca-2009e4a9795a"
                },
                "aws_iam_role_tfer--AWSReservedSSO_PowerUserAccess_c7ae13e87abf0466_id": {
                    "sensitive": false,
                    "type": "string",
                    "value": "AWSReservedSSO_PowerUserAccess_c7ae13e87abf0466"
                },
                "aws_iam_role_tfer--AWSServiceRoleForAPIGateway_id": {
                    "sensitive": false,
                    "type": "string",
                    "value": "AWSServiceRoleForAPIGateway"
                },
                "aws_iam_role_tfer--AWSServiceRoleForOrganizations_id": {
                    "sensitive": false,
                    "type": "string",
                    "value": "AWSServiceRoleForOrganizations"
                },
                "aws_iam_role_tfer--AWSServiceRoleForSSO_id": {
                    "sensitive": false,
                    "type": "string",
                    "value": "AWSServiceRoleForSSO"
                },
                "aws_iam_role_tfer--AWSServiceRoleForSupport_id": {
                    "sensitive": false,
                    "type": "string",
                    "value": "AWSServiceRoleForSupport"
                },
                "aws_iam_role_tfer--AWSServiceRoleForTrustedAdvisor_id": {
                    "sensitive": false,
                    "type": "string",
                    "value": "AWSServiceRoleForTrustedAdvisor"
                },
                "aws_iam_role_tfer--OrganizationAccountAccessRole_id": {
                    "sensitive": false,
                    "type": "string",
                    "value": "OrganizationAccountAccessRole"
                },
                "aws_iam_role_tfer--databaseRW_id": {
                    "sensitive": false,
                    "type": "string",
                    "value": "databaseRW"
                },
                "aws_iam_role_tfer--getCount-002D-role-002D-6e4uduy7_id": {
                    "sensitive": false,
                    "type": "string",
                    "value": "getCount-role-6e4uduy7"
                },
                "aws_iam_user_policy_attachment_tfer--GithubServiceAccount_AmazonDynamoDBFullAccess_id": {
                    "sensitive": false,
                    "type": "string",
                    "value": "GithubServiceAccount/arn:aws:iam::aws:policy/AmazonDynamoDBFullAccess"
                },
                "aws_iam_user_policy_attachment_tfer--GithubServiceAccount_AmazonS3FullAccess_id": {
                    "sensitive": false,
                    "type": "string",
                    "value": "GithubServiceAccount/arn:aws:iam::aws:policy/AmazonS3FullAccess"
                },
                "aws_iam_user_policy_tfer--GithubServiceAccount_InvalidateCloudFrontCache_id": {
                    "sensitive": false,
                    "type": "string",
                    "value": "GithubServiceAccount:InvalidateCloudFrontCache"
                },
                "aws_iam_user_tfer--AIDA5FTZFCWDBZ456FQ2Q_id": {
                    "sensitive": false,
                    "type": "string",
                    "value": "GithubServiceAccount"
                },
                "aws_lambda_function_tfer--getCount_id": {
                    "sensitive": false,
                    "type": "string",
                    "value": "arn:aws:lambda:us-east-1:905418446214:function:getCount"
                },
                "aws_lambda_function_tfer--updateCount_id": {
                    "sensitive": false,
                    "type": "string",
                    "value": "arn:aws:lambda:us-east-1:905418446214:function:updateCount"
                },
                "aws_route53_record_tfer--Z0539360HO2D3498EEKG_bryval-002E-tech-002E-_A__id": {
                    "sensitive": false,
                    "type": "string",
                    "value": "Z0539360HO2D3498EEKG_bryval.tech._A_"
                },
                "aws_route53_record_tfer--Z0539360HO2D3498EEKG_bryval-002E-tech-002E-_NS__id": {
                    "sensitive": false,
                    "type": "string",
                    "value": "Z0539360HO2D3498EEKG_bryval.tech._NS_"
                },
                "aws_route53_record_tfer--Z0539360HO2D3498EEKG_bryval-002E-tech-002E-_SOA__id": {
                    "sensitive": false,
                    "type": "string",
                    "value": "Z0539360HO2D3498EEKG_bryval.tech._SOA_"
                },
                "aws_route53_record_tfer--Z0539360HO2D3498EEKG_www-002E-bryval-002E-tech-002E-_A__id": {
                    "sensitive": false,
                    "type": "string",
                    "value": "Z0539360HO2D3498EEKG_www.bryval.tech._A_"
                },
                "aws_route53_zone_tfer--Z0539360HO2D3498EEKG_bryval-002E-tech_id": {
                    "sensitive": false,
                    "type": "string",
                    "value": "Z0539360HO2D3498EEKG"
                },
                "aws_s3_bucket_tfer--bryval-002E-tech_id": {
                    "sensitive": false,
                    "type": "string",
                    "value": "bryval.tech"
                },
                "aws_s3_bucket_tfer--www-002E-bryval-002E-tech_id": {
                    "sensitive": false,
                    "type": "string",
                    "value": "www.bryval.tech"
                }
            },
            "resources": {
                "aws_acm_certificate.tfer--5ca53b03-002D-f429-002D-42b3-002D-9ad0-002D-77672d934e7f_bryval-002E-tech": {
                    "type": "aws_acm_certificate",
                    "depends_on": [],
                    "primary": {
                        "id": "arn:aws:acm:us-east-1:905418446214:certificate/5ca53b03-f429-42b3-9ad0-77672d934e7f",
                        "attributes": {
                            "arn": "arn:aws:acm:us-east-1:905418446214:certificate/5ca53b03-f429-42b3-9ad0-77672d934e7f",
                            "certificate_authority_arn": "",
                            "domain_name": "bryval.tech",
                            "domain_validation_options.#": "2",
                            "domain_validation_options.0.domain_name": "*.bryval.tech",
                            "domain_validation_options.0.resource_record_name": "_af805dfece5c47ff6ac31ce1c71032c9.bryval.tech.",
                            "domain_validation_options.0.resource_record_type": "CNAME",
                            "domain_validation_options.0.resource_record_value": "_ba1efd4ed996fd09f248f61a38aac768.mhbtsbpdnt.acm-validations.aws.",
                            "domain_validation_options.1.domain_name": "bryval.tech",
                            "domain_validation_options.1.resource_record_name": "_af805dfece5c47ff6ac31ce1c71032c9.bryval.tech.",
                            "domain_validation_options.1.resource_record_type": "CNAME",
                            "domain_validation_options.1.resource_record_value": "_ba1efd4ed996fd09f248f61a38aac768.mhbtsbpdnt.acm-validations.aws.",
                            "early_renewal_duration": "",
                            "id": "arn:aws:acm:us-east-1:905418446214:certificate/5ca53b03-f429-42b3-9ad0-77672d934e7f",
                            "key_algorithm": "RSA_2048",
                            "not_after": "2025-05-21T23:59:59Z",
                            "not_before": "2024-04-21T00:00:00Z",
                            "options.#": "1",
                            "options.0.certificate_transparency_logging_preference": "ENABLED",
                            "pending_renewal": "false",
                            "renewal_eligibility": "ELIGIBLE",
                            "renewal_summary.#": "0",
                            "status": "ISSUED",
                            "subject_alternative_names.#": "2",
                            "subject_alternative_names.0": "*.bryval.tech",
                            "subject_alternative_names.1": "bryval.tech",
                            "tags.%": "0",
                            "tags_all.%": "0",
                            "type": "AMAZON_ISSUED",
                            "validation_emails.#": "0",
                            "validation_method": "DNS"
                        },
                        "meta": {
                            "schema_version": 0
                        },
                        "tainted": false
                    },
                    "deposed": [],
                    "provider": "provider.aws"
                },
                "aws_cloudfront_distribution.tfer--E1ULMG9K6R52JJ": {
                    "type": "aws_cloudfront_distribution",
                    "depends_on": [],
                    "primary": {
                        "id": "E1ULMG9K6R52JJ",
                        "attributes": {
                            "aliases.#": "1",
                            "aliases.0": "www.bryval.tech",
                            "arn": "arn:aws:cloudfront::905418446214:distribution/E1ULMG9K6R52JJ",
                            "caller_reference": "aecb7815-477e-4ee9-a6e0-fb52dd024375",
                            "continuous_deployment_policy_id": "",
                            "custom_error_response.#": "0",
                            "default_cache_behavior.#": "1",
                            "default_cache_behavior.0.allowed_methods.#": "2",
                            "default_cache_behavior.0.allowed_methods.0": "GET",
                            "default_cache_behavior.0.allowed_methods.1": "HEAD",
                            "default_cache_behavior.0.cache_policy_id": "658327ea-f89d-4fab-a63d-7e88639e58f6",
                            "default_cache_behavior.0.cached_methods.#": "2",
                            "default_cache_behavior.0.cached_methods.0": "GET",
                            "default_cache_behavior.0.cached_methods.1": "HEAD",
                            "default_cache_behavior.0.compress": "true",
                            "default_cache_behavior.0.default_ttl": "0",
                            "default_cache_behavior.0.field_level_encryption_id": "",
                            "default_cache_behavior.0.forwarded_values.#": "0",
                            "default_cache_behavior.0.function_association.#": "0",
                            "default_cache_behavior.0.lambda_function_association.#": "0",
                            "default_cache_behavior.0.max_ttl": "0",
                            "default_cache_behavior.0.min_ttl": "0",
                            "default_cache_behavior.0.origin_request_policy_id": "",
                            "default_cache_behavior.0.realtime_log_config_arn": "",
                            "default_cache_behavior.0.response_headers_policy_id": "",
                            "default_cache_behavior.0.smooth_streaming": "false",
                            "default_cache_behavior.0.target_origin_id": "www.bryval.tech.s3.us-east-1.amazonaws.com",
                            "default_cache_behavior.0.trusted_key_groups.#": "0",
                            "default_cache_behavior.0.trusted_signers.#": "0",
                            "default_cache_behavior.0.viewer_protocol_policy": "redirect-to-https",
                            "default_root_object": "index.html",
                            "domain_name": "dgka2t9w0hy18.cloudfront.net",
                            "enabled": "true",
                            "etag": "E3C763E300Q314",
                            "hosted_zone_id": "Z2FDTNDATAQYW2",
                            "http_version": "http2",
                            "id": "E1ULMG9K6R52JJ",
                            "in_progress_validation_batches": "0",
                            "is_ipv6_enabled": "true",
                            "last_modified_time": "2024-04-21 02:38:50.504 +0000 UTC",
                            "logging_config.#": "0",
                            "ordered_cache_behavior.#": "0",
                            "origin.#": "1",
                            "origin.0.connection_attempts": "3",
                            "origin.0.connection_timeout": "10",
                            "origin.0.custom_header.#": "0",
                            "origin.0.custom_origin_config.#": "0",
                            "origin.0.domain_name": "www.bryval.tech.s3.us-east-1.amazonaws.com",
                            "origin.0.origin_access_control_id": "",
                            "origin.0.origin_id": "www.bryval.tech.s3.us-east-1.amazonaws.com",
                            "origin.0.origin_path": "",
                            "origin.0.origin_shield.#": "0",
                            "origin.0.s3_origin_config.#": "1",
                            "origin.0.s3_origin_config.0.origin_access_identity": "origin-access-identity/cloudfront/E135PQ7T644Q1U",
                            "price_class": "PriceClass_All",
                            "restrictions.#": "1",
                            "restrictions.0.geo_restriction.#": "1",
                            "restrictions.0.geo_restriction.0.locations.#": "0",
                            "restrictions.0.geo_restriction.0.restriction_type": "none",
                            "retain_on_delete": "false",
                            "staging": "false",
                            "status": "Deployed",
                            "tags.%": "0",
                            "tags_all.%": "0",
                            "trusted_key_groups.#": "1",
                            "trusted_key_groups.0.enabled": "false",
                            "trusted_key_groups.0.items.#": "0",
                            "trusted_signers.#": "1",
                            "trusted_signers.0.enabled": "false",
                            "trusted_signers.0.items.#": "0",
                            "viewer_certificate.#": "1",
                            "viewer_certificate.0.acm_certificate_arn": "arn:aws:acm:us-east-1:905418446214:certificate/5ca53b03-f429-42b3-9ad0-77672d934e7f",
                            "viewer_certificate.0.cloudfront_default_certificate": "false",
                            "viewer_certificate.0.iam_certificate_id": "",
                            "viewer_certificate.0.minimum_protocol_version": "TLSv1.2_2021",
                            "viewer_certificate.0.ssl_support_method": "sni-only",
                            "web_acl_id": ""
                        },
                        "meta": {
                            "schema_version": 1
                        },
                        "tainted": false
                    },
                    "deposed": [],
                    "provider": "provider.aws"
                },
                "aws_cloudfront_distribution.tfer--EY8DKP6IFJJSH": {
                    "type": "aws_cloudfront_distribution",
                    "depends_on": [],
                    "primary": {
                        "id": "EY8DKP6IFJJSH",
                        "attributes": {
                            "aliases.#": "1",
                            "aliases.0": "bryval.tech",
                            "arn": "arn:aws:cloudfront::905418446214:distribution/EY8DKP6IFJJSH",
                            "caller_reference": "27670361-6213-44db-a0b1-cbc1db39e2bf",
                            "continuous_deployment_policy_id": "",
                            "custom_error_response.#": "0",
                            "default_cache_behavior.#": "1",
                            "default_cache_behavior.0.allowed_methods.#": "2",
                            "default_cache_behavior.0.allowed_methods.0": "GET",
                            "default_cache_behavior.0.allowed_methods.1": "HEAD",
                            "default_cache_behavior.0.cache_policy_id": "4135ea2d-6df8-44a3-9df3-4b5a84be39ad",
                            "default_cache_behavior.0.cached_methods.#": "2",
                            "default_cache_behavior.0.cached_methods.0": "GET",
                            "default_cache_behavior.0.cached_methods.1": "HEAD",
                            "default_cache_behavior.0.compress": "true",
                            "default_cache_behavior.0.default_ttl": "0",
                            "default_cache_behavior.0.field_level_encryption_id": "",
                            "default_cache_behavior.0.forwarded_values.#": "0",
                            "default_cache_behavior.0.function_association.#": "0",
                            "default_cache_behavior.0.lambda_function_association.#": "0",
                            "default_cache_behavior.0.max_ttl": "0",
                            "default_cache_behavior.0.min_ttl": "0",
                            "default_cache_behavior.0.origin_request_policy_id": "",
                            "default_cache_behavior.0.realtime_log_config_arn": "",
                            "default_cache_behavior.0.response_headers_policy_id": "",
                            "default_cache_behavior.0.smooth_streaming": "false",
                            "default_cache_behavior.0.target_origin_id": "bryval.tech.s3-website-us-east-1.amazonaws.com",
                            "default_cache_behavior.0.trusted_key_groups.#": "0",
                            "default_cache_behavior.0.trusted_signers.#": "0",
                            "default_cache_behavior.0.viewer_protocol_policy": "redirect-to-https",
                            "default_root_object": "",
                            "domain_name": "d36dx4e6064lr6.cloudfront.net",
                            "enabled": "true",
                            "etag": "E297JCDT22BBBT",
                            "hosted_zone_id": "Z2FDTNDATAQYW2",
                            "http_version": "http2",
                            "id": "EY8DKP6IFJJSH",
                            "in_progress_validation_batches": "0",
                            "is_ipv6_enabled": "true",
                            "last_modified_time": "2024-04-21 02:46:02.443 +0000 UTC",
                            "logging_config.#": "0",
                            "ordered_cache_behavior.#": "0",
                            "origin.#": "1",
                            "origin.0.connection_attempts": "3",
                            "origin.0.connection_timeout": "10",
                            "origin.0.custom_header.#": "0",
                            "origin.0.custom_origin_config.#": "1",
                            "origin.0.custom_origin_config.0.http_port": "80",
                            "origin.0.custom_origin_config.0.https_port": "443",
                            "origin.0.custom_origin_config.0.origin_keepalive_timeout": "5",
                            "origin.0.custom_origin_config.0.origin_protocol_policy": "http-only",
                            "origin.0.custom_origin_config.0.origin_read_timeout": "30",
                            "origin.0.custom_origin_config.0.origin_ssl_protocols.#": "4",
                            "origin.0.custom_origin_config.0.origin_ssl_protocols.0": "SSLv3",
                            "origin.0.custom_origin_config.0.origin_ssl_protocols.1": "TLSv1",
                            "origin.0.custom_origin_config.0.origin_ssl_protocols.2": "TLSv1.1",
                            "origin.0.custom_origin_config.0.origin_ssl_protocols.3": "TLSv1.2",
                            "origin.0.domain_name": "bryval.tech.s3-website-us-east-1.amazonaws.com",
                            "origin.0.origin_access_control_id": "",
                            "origin.0.origin_id": "bryval.tech.s3-website-us-east-1.amazonaws.com",
                            "origin.0.origin_path": "",
                            "origin.0.origin_shield.#": "0",
                            "origin.0.s3_origin_config.#": "0",
                            "price_class": "PriceClass_All",
                            "restrictions.#": "1",
                            "restrictions.0.geo_restriction.#": "1",
                            "restrictions.0.geo_restriction.0.locations.#": "0",
                            "restrictions.0.geo_restriction.0.restriction_type": "none",
                            "retain_on_delete": "false",
                            "staging": "false",
                            "status": "Deployed",
                            "tags.%": "0",
                            "tags_all.%": "0",
                            "trusted_key_groups.#": "1",
                            "trusted_key_groups.0.enabled": "false",
                            "trusted_key_groups.0.items.#": "0",
                            "trusted_signers.#": "1",
                            "trusted_signers.0.enabled": "false",
                            "trusted_signers.0.items.#": "0",
                            "viewer_certificate.#": "1",
                            "viewer_certificate.0.acm_certificate_arn": "arn:aws:acm:us-east-1:905418446214:certificate/5ca53b03-f429-42b3-9ad0-77672d934e7f",
                            "viewer_certificate.0.cloudfront_default_certificate": "false",
                            "viewer_certificate.0.iam_certificate_id": "",
                            "viewer_certificate.0.minimum_protocol_version": "TLSv1.2_2021",
                            "viewer_certificate.0.ssl_support_method": "sni-only",
                            "web_acl_id": ""
                        },
                        "meta": {
                            "schema_version": 1
                        },
                        "tainted": false
                    },
                    "deposed": [],
                    "provider": "provider.aws"
                },
                "aws_dynamodb_table.tfer--bryval-002D-update": {
                    "type": "aws_dynamodb_table",
                    "depends_on": [],
                    "primary": {
                        "id": "bryval-update",
                        "attributes": {
                            "arn": "arn:aws:dynamodb:us-east-1:905418446214:table/bryval-update",
                            "attribute.#": "1",
                            "attribute.0.name": "counter",
                            "attribute.0.type": "N",
                            "billing_mode": "PAY_PER_REQUEST",
                            "deletion_protection_enabled": "false",
                            "global_secondary_index.#": "0",
                            "hash_key": "counter",
                            "id": "bryval-update",
                            "local_secondary_index.#": "0",
                            "name": "bryval-update",
                            "point_in_time_recovery.#": "1",
                            "point_in_time_recovery.0.enabled": "false",
                            "read_capacity": "0",
                            "replica.#": "0",
                            "server_side_encryption.#": "0",
                            "stream_arn": "",
                            "stream_enabled": "false",
                            "stream_label": "",
                            "stream_view_type": "",
                            "table_class": "STANDARD",
                            "tags.%": "0",
                            "tags_all.%": "0",
                            "ttl.#": "1",
                            "ttl.0.attribute_name": "",
                            "ttl.0.enabled": "false",
                            "write_capacity": "0"
                        },
                        "meta": {
                            "schema_version": 1
                        },
                        "tainted": false
                    },
                    "deposed": [],
                    "provider": "provider.aws"
                },
                "aws_iam_policy.tfer--AWSLambdaBasicExecutionRole-002D-03ce626f-002D-065a-002D-47ad-002D-bbca-002D-2009e4a9795a": {
                    "type": "aws_iam_policy",
                    "depends_on": [],
                    "primary": {
                        "id": "arn:aws:iam::905418446214:policy/service-role/AWSLambdaBasicExecutionRole-03ce626f-065a-47ad-bbca-2009e4a9795a",
                        "attributes": {
                            "arn": "arn:aws:iam::905418446214:policy/service-role/AWSLambdaBasicExecutionRole-03ce626f-065a-47ad-bbca-2009e4a9795a",
                            "attachment_count": "1",
                            "description": "",
                            "id": "arn:aws:iam::905418446214:policy/service-role/AWSLambdaBasicExecutionRole-03ce626f-065a-47ad-bbca-2009e4a9795a",
                            "name": "AWSLambdaBasicExecutionRole-03ce626f-065a-47ad-bbca-2009e4a9795a",
                            "name_prefix": "",
                            "path": "/service-role/",
                            "policy": "{\"Statement\":[{\"Action\":\"logs:CreateLogGroup\",\"Effect\":\"Allow\",\"Resource\":\"arn:aws:logs:us-east-1:905418446214:*\"},{\"Action\":[\"logs:CreateLogStream\",\"logs:PutLogEvents\"],\"Effect\":\"Allow\",\"Resource\":[\"arn:aws:logs:us-east-1:905418446214:log-group:/aws/lambda/getCount:*\"]}],\"Version\":\"2012-10-17\"}",
                            "policy_id": "ANPA5FTZFCWDBNV2OX2RY",
                            "tags.%": "0",
                            "tags_all.%": "0"
                        },
                        "meta": {
                            "schema_version": 0
                        },
                        "tainted": false
                    },
                    "deposed": [],
                    "provider": "provider.aws"
                },
                "aws_iam_policy.tfer--AWSLambdaBasicExecutionRole-002D-92d88dc7-002D-446e-002D-4b7c-002D-8e28-002D-25fcaa26ad6a": {
                    "type": "aws_iam_policy",
                    "depends_on": [],
                    "primary": {
                        "id": "arn:aws:iam::905418446214:policy/service-role/AWSLambdaBasicExecutionRole-92d88dc7-446e-4b7c-8e28-25fcaa26ad6a",
                        "attributes": {
                            "arn": "arn:aws:iam::905418446214:policy/service-role/AWSLambdaBasicExecutionRole-92d88dc7-446e-4b7c-8e28-25fcaa26ad6a",
                            "attachment_count": "1",
                            "description": "",
                            "id": "arn:aws:iam::905418446214:policy/service-role/AWSLambdaBasicExecutionRole-92d88dc7-446e-4b7c-8e28-25fcaa26ad6a",
                            "name": "AWSLambdaBasicExecutionRole-92d88dc7-446e-4b7c-8e28-25fcaa26ad6a",
                            "name_prefix": "",
                            "path": "/service-role/",
                            "policy": "{\"Statement\":[{\"Action\":\"logs:CreateLogGroup\",\"Effect\":\"Allow\",\"Resource\":\"arn:aws:logs:us-east-1:905418446214:*\"},{\"Action\":[\"logs:CreateLogStream\",\"logs:PutLogEvents\"],\"Effect\":\"Allow\",\"Resource\":[\"arn:aws:logs:us-east-1:905418446214:log-group:/aws/lambda/updateCount:*\"]}],\"Version\":\"2012-10-17\"}",
                            "policy_id": "ANPA5FTZFCWDEKOPWNOET",
                            "tags.%": "0",
                            "tags_all.%": "0"
                        },
                        "meta": {
                            "schema_version": 0
                        },
                        "tainted": false
                    },
                    "deposed": [],
                    "provider": "provider.aws"
                },
                "aws_iam_policy.tfer--AWSLambdaMicroserviceExecutionRole-002D-fe178409-002D-fdaa-002D-4436-002D-b9ed-002D-17cef86ceb71": {
                    "type": "aws_iam_policy",
                    "depends_on": [],
                    "primary": {
                        "id": "arn:aws:iam::905418446214:policy/service-role/AWSLambdaMicroserviceExecutionRole-fe178409-fdaa-4436-b9ed-17cef86ceb71",
                        "attributes": {
                            "arn": "arn:aws:iam::905418446214:policy/service-role/AWSLambdaMicroserviceExecutionRole-fe178409-fdaa-4436-b9ed-17cef86ceb71",
                            "attachment_count": "1",
                            "description": "",
                            "id": "arn:aws:iam::905418446214:policy/service-role/AWSLambdaMicroserviceExecutionRole-fe178409-fdaa-4436-b9ed-17cef86ceb71",
                            "name": "AWSLambdaMicroserviceExecutionRole-fe178409-fdaa-4436-b9ed-17cef86ceb71",
                            "name_prefix": "",
                            "path": "/service-role/",
                            "policy": "{\"Statement\":[{\"Action\":[\"dynamodb:DeleteItem\",\"dynamodb:GetItem\",\"dynamodb:PutItem\",\"dynamodb:Scan\",\"dynamodb:UpdateItem\"],\"Effect\":\"Allow\",\"Resource\":\"arn:aws:dynamodb:us-east-1:905418446214:table/*\"}],\"Version\":\"2012-10-17\"}",
                            "policy_id": "ANPA5FTZFCWDJJQGPKWUS",
                            "tags.%": "0",
                            "tags_all.%": "0"
                        },
                        "meta": {
                            "schema_version": 0
                        },
                        "tainted": false
                    },
                    "deposed": [],
                    "provider": "provider.aws"
                },
                "aws_iam_role.tfer--AWSReservedSSO_PowerUserAccess_c7ae13e87abf0466": {
                    "type": "aws_iam_role",
                    "depends_on": [],
                    "primary": {
                        "id": "AWSReservedSSO_PowerUserAccess_c7ae13e87abf0466",
                        "attributes": {
                            "arn": "arn:aws:iam::905418446214:role/aws-reserved/sso.amazonaws.com/AWSReservedSSO_PowerUserAccess_c7ae13e87abf0466",
                            "assume_role_policy": "{\"Statement\":[{\"Action\":[\"sts:AssumeRoleWithSAML\",\"sts:TagSession\"],\"Condition\":{\"StringEquals\":{\"SAML:aud\":\"https://signin.aws.amazon.com/saml\"}},\"Effect\":\"Allow\",\"Principal\":{\"Federated\":\"arn:aws:iam::905418446214:saml-provider/AWSSSO_445c371eedb8500c_DO_NOT_DELETE\"}}],\"Version\":\"2012-10-17\"}",
                            "create_date": "2024-04-19T17:35:03Z",
                            "description": "",
                            "id": "AWSReservedSSO_PowerUserAccess_c7ae13e87abf0466",
                            "managed_policy_arns.#": "1",
                            "managed_policy_arns.0": "arn:aws:iam::aws:policy/PowerUserAccess",
                            "max_session_duration": "43200",
                            "name": "AWSReservedSSO_PowerUserAccess_c7ae13e87abf0466",
                            "name_prefix": "",
                            "path": "/aws-reserved/sso.amazonaws.com/",
                            "permissions_boundary": "",
                            "tags.%": "0",
                            "tags_all.%": "0",
                            "unique_id": "AROA5FTZFCWDFKO33RZ5R"
                        },
                        "meta": {
                            "schema_version": 0
                        },
                        "tainted": false
                    },
                    "deposed": [],
                    "provider": "provider.aws"
                },
                "aws_iam_role.tfer--AWSServiceRoleForAPIGateway": {
                    "type": "aws_iam_role",
                    "depends_on": [],
                    "primary": {
                        "id": "AWSServiceRoleForAPIGateway",
                        "attributes": {
                            "arn": "arn:aws:iam::905418446214:role/aws-service-role/ops.apigateway.amazonaws.com/AWSServiceRoleForAPIGateway",
                            "assume_role_policy": "{\"Statement\":[{\"Action\":\"sts:AssumeRole\",\"Effect\":\"Allow\",\"Principal\":{\"Service\":\"ops.apigateway.amazonaws.com\"}}],\"Version\":\"2012-10-17\"}",
                            "create_date": "2024-04-21T18:50:15Z",
                            "description": "The Service Linked Role is used by Amazon API Gateway.",
                            "id": "AWSServiceRoleForAPIGateway",
                            "managed_policy_arns.#": "1",
                            "managed_policy_arns.0": "arn:aws:iam::aws:policy/aws-service-role/APIGatewayServiceRolePolicy",
                            "max_session_duration": "3600",
                            "name": "AWSServiceRoleForAPIGateway",
                            "name_prefix": "",
                            "path": "/aws-service-role/ops.apigateway.amazonaws.com/",
                            "permissions_boundary": "",
                            "tags.%": "0",
                            "tags_all.%": "0",
                            "unique_id": "AROA5FTZFCWDEWDY5HYOE"
                        },
                        "meta": {
                            "schema_version": 0
                        },
                        "tainted": false
                    },
                    "deposed": [],
                    "provider": "provider.aws"
                },
                "aws_iam_role.tfer--AWSServiceRoleForOrganizations": {
                    "type": "aws_iam_role",
                    "depends_on": [],
                    "primary": {
                        "id": "AWSServiceRoleForOrganizations",
                        "attributes": {
                            "arn": "arn:aws:iam::905418446214:role/aws-service-role/organizations.amazonaws.com/AWSServiceRoleForOrganizations",
                            "assume_role_policy": "{\"Statement\":[{\"Action\":\"sts:AssumeRole\",\"Effect\":\"Allow\",\"Principal\":{\"Service\":\"organizations.amazonaws.com\"}}],\"Version\":\"2012-10-17\"}",
                            "create_date": "2024-04-19T02:15:25Z",
                            "description": "Service-linked role used by AWS Organizations to enable integration of other AWS services with Organizations.",
                            "id": "AWSServiceRoleForOrganizations",
                            "managed_policy_arns.#": "1",
                            "managed_policy_arns.0": "arn:aws:iam::aws:policy/aws-service-role/AWSOrganizationsServiceTrustPolicy",
                            "max_session_duration": "3600",
                            "name": "AWSServiceRoleForOrganizations",
                            "name_prefix": "",
                            "path": "/aws-service-role/organizations.amazonaws.com/",
                            "permissions_boundary": "",
                            "tags.%": "0",
                            "tags_all.%": "0",
                            "unique_id": "AROA5FTZFCWDKY7YJRUEX"
                        },
                        "meta": {
                            "schema_version": 0
                        },
                        "tainted": false
                    },
                    "deposed": [],
                    "provider": "provider.aws"
                },
                "aws_iam_role.tfer--AWSServiceRoleForSSO": {
                    "type": "aws_iam_role",
                    "depends_on": [],
                    "primary": {
                        "id": "AWSServiceRoleForSSO",
                        "attributes": {
                            "arn": "arn:aws:iam::905418446214:role/aws-service-role/sso.amazonaws.com/AWSServiceRoleForSSO",
                            "assume_role_policy": "{\"Statement\":[{\"Action\":\"sts:AssumeRole\",\"Effect\":\"Allow\",\"Principal\":{\"Service\":\"sso.amazonaws.com\"}}],\"Version\":\"2012-10-17\"}",
                            "create_date": "2024-04-19T17:26:38Z",
                            "description": "Service-linked role used by AWS SSO to manage AWS resources, including IAM roles, policies and SAML IdP on your behalf.",
                            "id": "AWSServiceRoleForSSO",
                            "managed_policy_arns.#": "1",
                            "managed_policy_arns.0": "arn:aws:iam::aws:policy/aws-service-role/AWSSSOServiceRolePolicy",
                            "max_session_duration": "3600",
                            "name": "AWSServiceRoleForSSO",
                            "name_prefix": "",
                            "path": "/aws-service-role/sso.amazonaws.com/",
                            "permissions_boundary": "",
                            "tags.%": "0",
                            "tags_all.%": "0",
                            "unique_id": "AROA5FTZFCWDIT5453AXZ"
                        },
                        "meta": {
                            "schema_version": 0
                        },
                        "tainted": false
                    },
                    "deposed": [],
                    "provider": "provider.aws"
                },
                "aws_iam_role.tfer--AWSServiceRoleForSupport": {
                    "type": "aws_iam_role",
                    "depends_on": [],
                    "primary": {
                        "id": "AWSServiceRoleForSupport",
                        "attributes": {
                            "arn": "arn:aws:iam::905418446214:role/aws-service-role/support.amazonaws.com/AWSServiceRoleForSupport",
                            "assume_role_policy": "{\"Statement\":[{\"Action\":\"sts:AssumeRole\",\"Effect\":\"Allow\",\"Principal\":{\"Service\":\"support.amazonaws.com\"}}],\"Version\":\"2012-10-17\"}",
                            "create_date": "2024-04-19T02:15:24Z",
                            "description": "Enables resource access for AWS to provide billing, administrative and support services",
                            "id": "AWSServiceRoleForSupport",
                            "managed_policy_arns.#": "1",
                            "managed_policy_arns.0": "arn:aws:iam::aws:policy/aws-service-role/AWSSupportServiceRolePolicy",
                            "max_session_duration": "3600",
                            "name": "AWSServiceRoleForSupport",
                            "name_prefix": "",
                            "path": "/aws-service-role/support.amazonaws.com/",
                            "permissions_boundary": "",
                            "tags.%": "0",
                            "tags_all.%": "0",
                            "unique_id": "AROA5FTZFCWDO7GTIHQNQ"
                        },
                        "meta": {
                            "schema_version": 0
                        },
                        "tainted": false
                    },
                    "deposed": [],
                    "provider": "provider.aws"
                },
                "aws_iam_role.tfer--AWSServiceRoleForTrustedAdvisor": {
                    "type": "aws_iam_role",
                    "depends_on": [],
                    "primary": {
                        "id": "AWSServiceRoleForTrustedAdvisor",
                        "attributes": {
                            "arn": "arn:aws:iam::905418446214:role/aws-service-role/trustedadvisor.amazonaws.com/AWSServiceRoleForTrustedAdvisor",
                            "assume_role_policy": "{\"Statement\":[{\"Action\":\"sts:AssumeRole\",\"Effect\":\"Allow\",\"Principal\":{\"Service\":\"trustedadvisor.amazonaws.com\"}}],\"Version\":\"2012-10-17\"}",
                            "create_date": "2024-04-19T02:15:24Z",
                            "description": "Access for the AWS Trusted Advisor Service to help reduce cost, increase performance, and improve security of your AWS environment.",
                            "id": "AWSServiceRoleForTrustedAdvisor",
                            "managed_policy_arns.#": "1",
                            "managed_policy_arns.0": "arn:aws:iam::aws:policy/aws-service-role/AWSTrustedAdvisorServiceRolePolicy",
                            "max_session_duration": "3600",
                            "name": "AWSServiceRoleForTrustedAdvisor",
                            "name_prefix": "",
                            "path": "/aws-service-role/trustedadvisor.amazonaws.com/",
                            "permissions_boundary": "",
                            "tags.%": "0",
                            "tags_all.%": "0",
                            "unique_id": "AROA5FTZFCWDALJEBVNAZ"
                        },
                        "meta": {
                            "schema_version": 0
                        },
                        "tainted": false
                    },
                    "deposed": [],
                    "provider": "provider.aws"
                },
                "aws_iam_role.tfer--OrganizationAccountAccessRole": {
                    "type": "aws_iam_role",
                    "depends_on": [],
                    "primary": {
                        "id": "OrganizationAccountAccessRole",
                        "attributes": {
                            "arn": "arn:aws:iam::905418446214:role/OrganizationAccountAccessRole",
                            "assume_role_policy": "{\"Statement\":[{\"Action\":\"sts:AssumeRole\",\"Effect\":\"Allow\",\"Principal\":{\"AWS\":\"arn:aws:iam::905418229056:root\"}}],\"Version\":\"2012-10-17\"}",
                            "create_date": "2024-04-19T02:15:24Z",
                            "description": "",
                            "id": "OrganizationAccountAccessRole",
                            "managed_policy_arns.#": "1",
                            "managed_policy_arns.0": "arn:aws:iam::aws:policy/AdministratorAccess",
                            "max_session_duration": "3600",
                            "name": "OrganizationAccountAccessRole",
                            "name_prefix": "",
                            "path": "/",
                            "permissions_boundary": "",
                            "tags.%": "0",
                            "tags_all.%": "0",
                            "unique_id": "AROA5FTZFCWDHYISV5E66"
                        },
                        "meta": {
                            "schema_version": 0
                        },
                        "tainted": false
                    },
                    "deposed": [],
                    "provider": "provider.aws"
                },
                "aws_iam_role.tfer--databaseRW": {
                    "type": "aws_iam_role",
                    "depends_on": [],
                    "primary": {
                        "id": "databaseRW",
                        "attributes": {
                            "arn": "arn:aws:iam::905418446214:role/service-role/databaseRW",
                            "assume_role_policy": "{\"Statement\":[{\"Action\":\"sts:AssumeRole\",\"Effect\":\"Allow\",\"Principal\":{\"Service\":\"lambda.amazonaws.com\"}}],\"Version\":\"2012-10-17\"}",
                            "create_date": "2024-04-21T18:49:03Z",
                            "description": "",
                            "id": "databaseRW",
                            "managed_policy_arns.#": "2",
                            "managed_policy_arns.0": "arn:aws:iam::905418446214:policy/service-role/AWSLambdaBasicExecutionRole-92d88dc7-446e-4b7c-8e28-25fcaa26ad6a",
                            "managed_policy_arns.1": "arn:aws:iam::905418446214:policy/service-role/AWSLambdaMicroserviceExecutionRole-fe178409-fdaa-4436-b9ed-17cef86ceb71",
                            "max_session_duration": "3600",
                            "name": "databaseRW",
                            "name_prefix": "",
                            "path": "/service-role/",
                            "permissions_boundary": "",
                            "tags.%": "0",
                            "tags_all.%": "0",
                            "unique_id": "AROA5FTZFCWDGZLAHKDHD"
                        },
                        "meta": {
                            "schema_version": 0
                        },
                        "tainted": false
                    },
                    "deposed": [],
                    "provider": "provider.aws"
                },
                "aws_iam_role.tfer--getCount-002D-role-002D-6e4uduy7": {
                    "type": "aws_iam_role",
                    "depends_on": [],
                    "primary": {
                        "id": "getCount-role-6e4uduy7",
                        "attributes": {
                            "arn": "arn:aws:iam::905418446214:role/service-role/getCount-role-6e4uduy7",
                            "assume_role_policy": "{\"Statement\":[{\"Action\":\"sts:AssumeRole\",\"Effect\":\"Allow\",\"Principal\":{\"Service\":\"lambda.amazonaws.com\"}}],\"Version\":\"2012-10-17\"}",
                            "create_date": "2024-04-21T20:54:12Z",
                            "description": "",
                            "id": "getCount-role-6e4uduy7",
                            "managed_policy_arns.#": "1",
                            "managed_policy_arns.0": "arn:aws:iam::905418446214:policy/service-role/AWSLambdaBasicExecutionRole-03ce626f-065a-47ad-bbca-2009e4a9795a",
                            "max_session_duration": "3600",
                            "name": "getCount-role-6e4uduy7",
                            "name_prefix": "",
                            "path": "/service-role/",
                            "permissions_boundary": "",
                            "tags.%": "0",
                            "tags_all.%": "0",
                            "unique_id": "AROA5FTZFCWDI3K4NQVPU"
                        },
                        "meta": {
                            "schema_version": 0
                        },
                        "tainted": false
                    },
                    "deposed": [],
                    "provider": "provider.aws"
                },
                "aws_iam_role_policy_attachment.tfer--AWSReservedSSO_PowerUserAccess_c7ae13e87abf0466_PowerUserAccess": {
                    "type": "aws_iam_role_policy_attachment",
                    "depends_on": [],
                    "primary": {
                        "id": "AWSReservedSSO_PowerUserAccess_c7ae13e87abf0466/arn:aws:iam::aws:policy/PowerUserAccess",
                        "attributes": {
                            "id": "AWSReservedSSO_PowerUserAccess_c7ae13e87abf0466/arn:aws:iam::aws:policy/PowerUserAccess",
                            "policy_arn": "arn:aws:iam::aws:policy/PowerUserAccess",
                            "role": "AWSReservedSSO_PowerUserAccess_c7ae13e87abf0466"
                        },
                        "meta": {
                            "schema_version": 0
                        },
                        "tainted": false
                    },
                    "deposed": [],
                    "provider": "provider.aws"
                },
                "aws_iam_role_policy_attachment.tfer--AWSServiceRoleForAPIGateway_APIGatewayServiceRolePolicy": {
                    "type": "aws_iam_role_policy_attachment",
                    "depends_on": [],
                    "primary": {
                        "id": "AWSServiceRoleForAPIGateway/arn:aws:iam::aws:policy/aws-service-role/APIGatewayServiceRolePolicy",
                        "attributes": {
                            "id": "AWSServiceRoleForAPIGateway/arn:aws:iam::aws:policy/aws-service-role/APIGatewayServiceRolePolicy",
                            "policy_arn": "arn:aws:iam::aws:policy/aws-service-role/APIGatewayServiceRolePolicy",
                            "role": "AWSServiceRoleForAPIGateway"
                        },
                        "meta": {
                            "schema_version": 0
                        },
                        "tainted": false
                    },
                    "deposed": [],
                    "provider": "provider.aws"
                },
                "aws_iam_role_policy_attachment.tfer--AWSServiceRoleForOrganizations_AWSOrganizationsServiceTrustPolicy": {
                    "type": "aws_iam_role_policy_attachment",
                    "depends_on": [],
                    "primary": {
                        "id": "AWSServiceRoleForOrganizations/arn:aws:iam::aws:policy/aws-service-role/AWSOrganizationsServiceTrustPolicy",
                        "attributes": {
                            "id": "AWSServiceRoleForOrganizations/arn:aws:iam::aws:policy/aws-service-role/AWSOrganizationsServiceTrustPolicy",
                            "policy_arn": "arn:aws:iam::aws:policy/aws-service-role/AWSOrganizationsServiceTrustPolicy",
                            "role": "AWSServiceRoleForOrganizations"
                        },
                        "meta": {
                            "schema_version": 0
                        },
                        "tainted": false
                    },
                    "deposed": [],
                    "provider": "provider.aws"
                },
                "aws_iam_role_policy_attachment.tfer--AWSServiceRoleForSSO_AWSSSOServiceRolePolicy": {
                    "type": "aws_iam_role_policy_attachment",
                    "depends_on": [],
                    "primary": {
                        "id": "AWSServiceRoleForSSO/arn:aws:iam::aws:policy/aws-service-role/AWSSSOServiceRolePolicy",
                        "attributes": {
                            "id": "AWSServiceRoleForSSO/arn:aws:iam::aws:policy/aws-service-role/AWSSSOServiceRolePolicy",
                            "policy_arn": "arn:aws:iam::aws:policy/aws-service-role/AWSSSOServiceRolePolicy",
                            "role": "AWSServiceRoleForSSO"
                        },
                        "meta": {
                            "schema_version": 0
                        },
                        "tainted": false
                    },
                    "deposed": [],
                    "provider": "provider.aws"
                },
                "aws_iam_role_policy_attachment.tfer--AWSServiceRoleForSupport_AWSSupportServiceRolePolicy": {
                    "type": "aws_iam_role_policy_attachment",
                    "depends_on": [],
                    "primary": {
                        "id": "AWSServiceRoleForSupport/arn:aws:iam::aws:policy/aws-service-role/AWSSupportServiceRolePolicy",
                        "attributes": {
                            "id": "AWSServiceRoleForSupport/arn:aws:iam::aws:policy/aws-service-role/AWSSupportServiceRolePolicy",
                            "policy_arn": "arn:aws:iam::aws:policy/aws-service-role/AWSSupportServiceRolePolicy",
                            "role": "AWSServiceRoleForSupport"
                        },
                        "meta": {
                            "schema_version": 0
                        },
                        "tainted": false
                    },
                    "deposed": [],
                    "provider": "provider.aws"
                },
                "aws_iam_role_policy_attachment.tfer--AWSServiceRoleForTrustedAdvisor_AWSTrustedAdvisorServiceRolePolicy": {
                    "type": "aws_iam_role_policy_attachment",
                    "depends_on": [],
                    "primary": {
                        "id": "AWSServiceRoleForTrustedAdvisor/arn:aws:iam::aws:policy/aws-service-role/AWSTrustedAdvisorServiceRolePolicy",
                        "attributes": {
                            "id": "AWSServiceRoleForTrustedAdvisor/arn:aws:iam::aws:policy/aws-service-role/AWSTrustedAdvisorServiceRolePolicy",
                            "policy_arn": "arn:aws:iam::aws:policy/aws-service-role/AWSTrustedAdvisorServiceRolePolicy",
                            "role": "AWSServiceRoleForTrustedAdvisor"
                        },
                        "meta": {
                            "schema_version": 0
                        },
                        "tainted": false
                    },
                    "deposed": [],
                    "provider": "provider.aws"
                },
                "aws_iam_role_policy_attachment.tfer--OrganizationAccountAccessRole_AdministratorAccess": {
                    "type": "aws_iam_role_policy_attachment",
                    "depends_on": [],
                    "primary": {
                        "id": "OrganizationAccountAccessRole/arn:aws:iam::aws:policy/AdministratorAccess",
                        "attributes": {
                            "id": "OrganizationAccountAccessRole/arn:aws:iam::aws:policy/AdministratorAccess",
                            "policy_arn": "arn:aws:iam::aws:policy/AdministratorAccess",
                            "role": "OrganizationAccountAccessRole"
                        },
                        "meta": {
                            "schema_version": 0
                        },
                        "tainted": false
                    },
                    "deposed": [],
                    "provider": "provider.aws"
                },
                "aws_iam_role_policy_attachment.tfer--databaseRW_AWSLambdaBasicExecutionRole-002D-92d88dc7-002D-446e-002D-4b7c-002D-8e28-002D-25fcaa26ad6a": {
                    "type": "aws_iam_role_policy_attachment",
                    "depends_on": [],
                    "primary": {
                        "id": "databaseRW/arn:aws:iam::905418446214:policy/service-role/AWSLambdaBasicExecutionRole-92d88dc7-446e-4b7c-8e28-25fcaa26ad6a",
                        "attributes": {
                            "id": "databaseRW/arn:aws:iam::905418446214:policy/service-role/AWSLambdaBasicExecutionRole-92d88dc7-446e-4b7c-8e28-25fcaa26ad6a",
                            "policy_arn": "arn:aws:iam::905418446214:policy/service-role/AWSLambdaBasicExecutionRole-92d88dc7-446e-4b7c-8e28-25fcaa26ad6a",
                            "role": "databaseRW"
                        },
                        "meta": {
                            "schema_version": 0
                        },
                        "tainted": false
                    },
                    "deposed": [],
                    "provider": "provider.aws"
                },
                "aws_iam_role_policy_attachment.tfer--databaseRW_AWSLambdaMicroserviceExecutionRole-002D-fe178409-002D-fdaa-002D-4436-002D-b9ed-002D-17cef86ceb71": {
                    "type": "aws_iam_role_policy_attachment",
                    "depends_on": [],
                    "primary": {
                        "id": "databaseRW/arn:aws:iam::905418446214:policy/service-role/AWSLambdaMicroserviceExecutionRole-fe178409-fdaa-4436-b9ed-17cef86ceb71",
                        "attributes": {
                            "id": "databaseRW/arn:aws:iam::905418446214:policy/service-role/AWSLambdaMicroserviceExecutionRole-fe178409-fdaa-4436-b9ed-17cef86ceb71",
                            "policy_arn": "arn:aws:iam::905418446214:policy/service-role/AWSLambdaMicroserviceExecutionRole-fe178409-fdaa-4436-b9ed-17cef86ceb71",
                            "role": "databaseRW"
                        },
                        "meta": {
                            "schema_version": 0
                        },
                        "tainted": false
                    },
                    "deposed": [],
                    "provider": "provider.aws"
                },
                "aws_iam_role_policy_attachment.tfer--getCount-002D-role-002D-6e4uduy7_AWSLambdaBasicExecutionRole-002D-03ce626f-002D-065a-002D-47ad-002D-bbca-002D-2009e4a9795a": {
                    "type": "aws_iam_role_policy_attachment",
                    "depends_on": [],
                    "primary": {
                        "id": "getCount-role-6e4uduy7/arn:aws:iam::905418446214:policy/service-role/AWSLambdaBasicExecutionRole-03ce626f-065a-47ad-bbca-2009e4a9795a",
                        "attributes": {
                            "id": "getCount-role-6e4uduy7/arn:aws:iam::905418446214:policy/service-role/AWSLambdaBasicExecutionRole-03ce626f-065a-47ad-bbca-2009e4a9795a",
                            "policy_arn": "arn:aws:iam::905418446214:policy/service-role/AWSLambdaBasicExecutionRole-03ce626f-065a-47ad-bbca-2009e4a9795a",
                            "role": "getCount-role-6e4uduy7"
                        },
                        "meta": {
                            "schema_version": 0
                        },
                        "tainted": false
                    },
                    "deposed": [],
                    "provider": "provider.aws"
                },
                "aws_iam_user.tfer--AIDA5FTZFCWDBZ456FQ2Q": {
                    "type": "aws_iam_user",
                    "depends_on": [],
                    "primary": {
                        "id": "GithubServiceAccount",
                        "attributes": {
                            "arn": "arn:aws:iam::905418446214:user/GithubServiceAccount",
                            "force_destroy": "false",
                            "id": "GithubServiceAccount",
                            "name": "GithubServiceAccount",
                            "path": "/",
                            "permissions_boundary": "",
                            "tags.%": "1",
                            "tags.AKIA5FTZFCWDDHGQESVI": "GithubActionsAccessKey",
                            "tags_all.%": "1",
                            "tags_all.AKIA5FTZFCWDDHGQESVI": "GithubActionsAccessKey",
                            "unique_id": "AIDA5FTZFCWDBZ456FQ2Q"
                        },
                        "meta": {
                            "schema_version": 0
                        },
                        "tainted": false
                    },
                    "deposed": [],
                    "provider": "provider.aws"
                },
                "aws_iam_user_policy.tfer--GithubServiceAccount_InvalidateCloudFrontCache": {
                    "type": "aws_iam_user_policy",
                    "depends_on": [],
                    "primary": {
                        "id": "GithubServiceAccount:InvalidateCloudFrontCache",
                        "attributes": {
                            "id": "GithubServiceAccount:InvalidateCloudFrontCache",
                            "name": "InvalidateCloudFrontCache",
                            "name_prefix": "",
                            "policy": "{\"Version\":\"2012-10-17\",\"Statement\":[{\"Action\":\"cloudfront:CreateInvalidation\",\"Effect\":\"Allow\",\"Resource\":\"*\",\"Sid\":\"VisualEditor0\"}]}",
                            "user": "GithubServiceAccount"
                        },
                        "meta": {
                            "schema_version": 0
                        },
                        "tainted": false
                    },
                    "deposed": [],
                    "provider": "provider.aws"
                },
                "aws_iam_user_policy_attachment.tfer--GithubServiceAccount_AmazonDynamoDBFullAccess": {
                    "type": "aws_iam_user_policy_attachment",
                    "depends_on": [],
                    "primary": {
                        "id": "GithubServiceAccount/arn:aws:iam::aws:policy/AmazonDynamoDBFullAccess",
                        "attributes": {
                            "id": "GithubServiceAccount/arn:aws:iam::aws:policy/AmazonDynamoDBFullAccess",
                            "policy_arn": "arn:aws:iam::aws:policy/AmazonDynamoDBFullAccess",
                            "user": "GithubServiceAccount"
                        },
                        "meta": {
                            "schema_version": 0
                        },
                        "tainted": false
                    },
                    "deposed": [],
                    "provider": "provider.aws"
                },
                "aws_iam_user_policy_attachment.tfer--GithubServiceAccount_AmazonS3FullAccess": {
                    "type": "aws_iam_user_policy_attachment",
                    "depends_on": [],
                    "primary": {
                        "id": "GithubServiceAccount/arn:aws:iam::aws:policy/AmazonS3FullAccess",
                        "attributes": {
                            "id": "GithubServiceAccount/arn:aws:iam::aws:policy/AmazonS3FullAccess",
                            "policy_arn": "arn:aws:iam::aws:policy/AmazonS3FullAccess",
                            "user": "GithubServiceAccount"
                        },
                        "meta": {
                            "schema_version": 0
                        },
                        "tainted": false
                    },
                    "deposed": [],
                    "provider": "provider.aws"
                },
                "aws_lambda_function.tfer--getCount": {
                    "type": "aws_lambda_function",
                    "depends_on": [],
                    "primary": {
                        "id": "arn:aws:lambda:us-east-1:905418446214:function:getCount",
                        "attributes": {
                            "architectures.#": "1",
                            "architectures.0": "x86_64",
                            "arn": "arn:aws:lambda:us-east-1:905418446214:function:getCount",
                            "code_signing_config_arn": "",
                            "dead_letter_config.#": "0",
                            "description": "",
                            "environment.#": "0",
                            "ephemeral_storage.#": "1",
                            "ephemeral_storage.0.size": "512",
                            "file_system_config.#": "0",
                            "function_name": "getCount",
                            "handler": "lambda_function.lambda_handler",
                            "id": "arn:aws:lambda:us-east-1:905418446214:function:getCount",
                            "image_config.#": "0",
                            "image_uri": "",
                            "invoke_arn": "arn:aws:apigateway:us-east-1:lambda:path/2015-03-31/functions/arn:aws:lambda:us-east-1:905418446214:function:getCount/invocations",
                            "kms_key_arn": "",
                            "last_modified": "2024-04-21T21:01:24.000+0000",
                            "layers.#": "0",
                            "logging_config.#": "1",
                            "logging_config.0.application_log_level": "",
                            "logging_config.0.log_format": "Text",
                            "logging_config.0.log_group": "/aws/lambda/getCount",
                            "logging_config.0.system_log_level": "",
                            "memory_size": "128",
                            "package_type": "Zip",
                            "qualified_arn": "arn:aws:lambda:us-east-1:905418446214:function:getCount:$LATEST",
                            "qualified_invoke_arn": "arn:aws:apigateway:us-east-1:lambda:path/2015-03-31/functions/arn:aws:lambda:us-east-1:905418446214:function:getCount:$LATEST/invocations",
                            "reserved_concurrent_executions": "-1",
                            "role": "arn:aws:iam::905418446214:role/service-role/databaseRW",
                            "runtime": "python3.12",
                            "signing_job_arn": "",
                            "signing_profile_version_arn": "",
                            "skip_destroy": "false",
                            "snap_start.#": "0",
                            "source_code_hash": "N6RrKkVrc8zNHohyP29CcfrZmlZmGAe6EtFf158slEc=",
                            "source_code_size": "320",
                            "tags.%": "0",
                            "tags_all.%": "0",
                            "timeout": "3",
                            "tracing_config.#": "1",
                            "tracing_config.0.mode": "PassThrough",
                            "version": "$LATEST",
                            "vpc_config.#": "0"
                        },
                        "meta": {
                            "schema_version": 0
                        },
                        "tainted": false
                    },
                    "deposed": [],
                    "provider": "provider.aws"
                },
                "aws_lambda_function.tfer--updateCount": {
                    "type": "aws_lambda_function",
                    "depends_on": [],
                    "primary": {
                        "id": "arn:aws:lambda:us-east-1:905418446214:function:updateCount",
                        "attributes": {
                            "architectures.#": "1",
                            "architectures.0": "x86_64",
                            "arn": "arn:aws:lambda:us-east-1:905418446214:function:updateCount",
                            "code_signing_config_arn": "",
                            "dead_letter_config.#": "0",
                            "description": "",
                            "environment.#": "0",
                            "ephemeral_storage.#": "1",
                            "ephemeral_storage.0.size": "512",
                            "file_system_config.#": "0",
                            "function_name": "updateCount",
                            "handler": "lambda_function.lambda_handler",
                            "id": "arn:aws:lambda:us-east-1:905418446214:function:updateCount",
                            "image_config.#": "0",
                            "image_uri": "",
                            "invoke_arn": "arn:aws:apigateway:us-east-1:lambda:path/2015-03-31/functions/arn:aws:lambda:us-east-1:905418446214:function:updateCount/invocations",
                            "kms_key_arn": "",
                            "last_modified": "2024-04-21T20:53:03.000+0000",
                            "layers.#": "0",
                            "logging_config.#": "1",
                            "logging_config.0.application_log_level": "",
                            "logging_config.0.log_format": "Text",
                            "logging_config.0.log_group": "/aws/lambda/updateCount",
                            "logging_config.0.system_log_level": "",
                            "memory_size": "128",
                            "package_type": "Zip",
                            "qualified_arn": "arn:aws:lambda:us-east-1:905418446214:function:updateCount:$LATEST",
                            "qualified_invoke_arn": "arn:aws:apigateway:us-east-1:lambda:path/2015-03-31/functions/arn:aws:lambda:us-east-1:905418446214:function:updateCount:$LATEST/invocations",
                            "reserved_concurrent_executions": "-1",
                            "role": "arn:aws:iam::905418446214:role/service-role/databaseRW",
                            "runtime": "python3.12",
                            "signing_job_arn": "",
                            "signing_profile_version_arn": "",
                            "skip_destroy": "false",
                            "snap_start.#": "0",
                            "source_code_hash": "LOk57mbMWCiVVcBX2alhDEka0ROjUDPVJ+6noIYr+zg=",
                            "source_code_size": "385",
                            "tags.%": "0",
                            "tags_all.%": "0",
                            "timeout": "3",
                            "tracing_config.#": "1",
                            "tracing_config.0.mode": "PassThrough",
                            "version": "$LATEST",
                            "vpc_config.#": "0"
                        },
                        "meta": {
                            "schema_version": 0
                        },
                        "tainted": false
                    },
                    "deposed": [],
                    "provider": "provider.aws"
                },
                "aws_route53_record.tfer--Z0539360HO2D3498EEKG_bryval-002E-tech-002E-_A_": {
                    "type": "aws_route53_record",
                    "depends_on": [],
                    "primary": {
                        "id": "Z0539360HO2D3498EEKG_bryval.tech._A_",
                        "attributes": {
                            "alias.#": "1",
                            "alias.0.evaluate_target_health": "false",
                            "alias.0.name": "d36dx4e6064lr6.cloudfront.net",
                            "alias.0.zone_id": "Z2FDTNDATAQYW2",
                            "fqdn": "bryval.tech",
                            "health_check_id": "",
                            "id": "Z0539360HO2D3498EEKG_bryval.tech._A_",
                            "multivalue_answer_routing_policy": "false",
                            "name": "bryval.tech",
                            "records.#": "0",
                            "set_identifier": "",
                            "ttl": "0",
                            "type": "A",
                            "zone_id": "Z0539360HO2D3498EEKG"
                        },
                        "meta": {
                            "schema_version": 2
                        },
                        "tainted": false
                    },
                    "deposed": [],
                    "provider": "provider.aws"
                },
                "aws_route53_record.tfer--Z0539360HO2D3498EEKG_bryval-002E-tech-002E-_NS_": {
                    "type": "aws_route53_record",
                    "depends_on": [],
                    "primary": {
                        "id": "Z0539360HO2D3498EEKG_bryval.tech._NS_",
                        "attributes": {
                            "fqdn": "bryval.tech",
                            "health_check_id": "",
                            "id": "Z0539360HO2D3498EEKG_bryval.tech._NS_",
                            "multivalue_answer_routing_policy": "false",
                            "name": "bryval.tech",
                            "records.#": "4",
                            "records.0": "ns-1128.awsdns-13.org.",
                            "records.1": "ns-1766.awsdns-28.co.uk.",
                            "records.2": "ns-487.awsdns-60.com.",
                            "records.3": "ns-706.awsdns-24.net.",
                            "set_identifier": "",
                            "ttl": "172800",
                            "type": "NS",
                            "zone_id": "Z0539360HO2D3498EEKG"
                        },
                        "meta": {
                            "schema_version": 2
                        },
                        "tainted": false
                    },
                    "deposed": [],
                    "provider": "provider.aws"
                },
                "aws_route53_record.tfer--Z0539360HO2D3498EEKG_bryval-002E-tech-002E-_SOA_": {
                    "type": "aws_route53_record",
                    "depends_on": [],
                    "primary": {
                        "id": "Z0539360HO2D3498EEKG_bryval.tech._SOA_",
                        "attributes": {
                            "fqdn": "bryval.tech",
                            "health_check_id": "",
                            "id": "Z0539360HO2D3498EEKG_bryval.tech._SOA_",
                            "multivalue_answer_routing_policy": "false",
                            "name": "bryval.tech",
                            "records.#": "1",
                            "records.0": "ns-487.awsdns-60.com. awsdns-hostmaster.amazon.com. 1 7200 900 1209600 86400",
                            "set_identifier": "",
                            "ttl": "900",
                            "type": "SOA",
                            "zone_id": "Z0539360HO2D3498EEKG"
                        },
                        "meta": {
                            "schema_version": 2
                        },
                        "tainted": false
                    },
                    "deposed": [],
                    "provider": "provider.aws"
                },
                "aws_route53_record.tfer--Z0539360HO2D3498EEKG_www-002E-bryval-002E-tech-002E-_A_": {
                    "type": "aws_route53_record",
                    "depends_on": [],
                    "primary": {
                        "id": "Z0539360HO2D3498EEKG_www.bryval.tech._A_",
                        "attributes": {
                            "alias.#": "1",
                            "alias.0.evaluate_target_health": "false",
                            "alias.0.name": "dgka2t9w0hy18.cloudfront.net",
                            "alias.0.zone_id": "Z2FDTNDATAQYW2",
                            "fqdn": "www.bryval.tech",
                            "health_check_id": "",
                            "id": "Z0539360HO2D3498EEKG_www.bryval.tech._A_",
                            "multivalue_answer_routing_policy": "false",
                            "name": "www.bryval.tech",
                            "records.#": "0",
                            "set_identifier": "",
                            "ttl": "0",
                            "type": "A",
                            "zone_id": "Z0539360HO2D3498EEKG"
                        },
                        "meta": {
                            "schema_version": 2
                        },
                        "tainted": false
                    },
                    "deposed": [],
                    "provider": "provider.aws"
                },
                "aws_route53_zone.tfer--Z0539360HO2D3498EEKG_bryval-002E-tech": {
                    "type": "aws_route53_zone",
                    "depends_on": [],
                    "primary": {
                        "id": "Z0539360HO2D3498EEKG",
                        "attributes": {
                            "arn": "arn:aws:route53:::hostedzone/Z0539360HO2D3498EEKG",
                            "comment": "",
                            "delegation_set_id": "",
                            "force_destroy": "false",
                            "id": "Z0539360HO2D3498EEKG",
                            "name": "bryval.tech",
                            "name_servers.#": "4",
                            "name_servers.0": "ns-1128.awsdns-13.org",
                            "name_servers.1": "ns-1766.awsdns-28.co.uk",
                            "name_servers.2": "ns-487.awsdns-60.com",
                            "name_servers.3": "ns-706.awsdns-24.net",
                            "primary_name_server": "ns-487.awsdns-60.com",
                            "tags.%": "0",
                            "tags_all.%": "0",
                            "vpc.#": "0",
                            "zone_id": "Z0539360HO2D3498EEKG"
                        },
                        "meta": {
                            "schema_version": 0
                        },
                        "tainted": false
                    },
                    "deposed": [],
                    "provider": "provider.aws"
                },
                "aws_s3_bucket.tfer--bryval-002E-tech": {
                    "type": "aws_s3_bucket",
                    "depends_on": [],
                    "primary": {
                        "id": "bryval.tech",
                        "attributes": {
                            "acceleration_status": "",
                            "acl": "private",
                            "arn": "arn:aws:s3:::bryval.tech",
                            "bucket": "bryval.tech",
                            "bucket_domain_name": "bryval.tech.s3.amazonaws.com",
                            "bucket_prefix": "",
                            "bucket_regional_domain_name": "bryval.tech.s3.us-east-1.amazonaws.com",
                            "cors_rule.#": "0",
                            "force_destroy": "false",
                            "grant.#": "1",
                            "grant.0.id": "d697b6832338da4e44b56c9790bceef074a0d4bf4876cd846ef81c6d235069b9",
                            "grant.0.permissions.#": "1",
                            "grant.0.permissions.0": "FULL_CONTROL",
                            "grant.0.type": "CanonicalUser",
                            "grant.0.uri": "",
                            "hosted_zone_id": "Z3AQBSTGFYJSTF",
                            "id": "bryval.tech",
                            "lifecycle_rule.#": "0",
                            "logging.#": "0",
                            "object_lock_configuration.#": "0",
                            "object_lock_enabled": "false",
                            "policy": "",
                            "region": "us-east-1",
                            "replication_configuration.#": "0",
                            "request_payer": "BucketOwner",
                            "server_side_encryption_configuration.#": "1",
                            "server_side_encryption_configuration.0.rule.#": "1",
                            "server_side_encryption_configuration.0.rule.0.apply_server_side_encryption_by_default.#": "1",
                            "server_side_encryption_configuration.0.rule.0.apply_server_side_encryption_by_default.0.kms_master_key_id": "",
                            "server_side_encryption_configuration.0.rule.0.apply_server_side_encryption_by_default.0.sse_algorithm": "AES256",
                            "server_side_encryption_configuration.0.rule.0.bucket_key_enabled": "true",
                            "tags.%": "0",
                            "tags_all.%": "0",
                            "versioning.#": "1",
                            "versioning.0.enabled": "false",
                            "versioning.0.mfa_delete": "false",
                            "website.#": "1",
                            "website.0.error_document": "",
                            "website.0.index_document": "",
                            "website.0.redirect_all_requests_to": "https://www.bryval.tech",
                            "website.0.routing_rules": "",
                            "website_domain": "s3-website-us-east-1.amazonaws.com",
                            "website_endpoint": "bryval.tech.s3-website-us-east-1.amazonaws.com"
                        },
                        "meta": {
                            "schema_version": 0
                        },
                        "tainted": false
                    },
                    "deposed": [],
                    "provider": "provider.aws"
                },
                "aws_s3_bucket.tfer--www-002E-bryval-002E-tech": {
                    "type": "aws_s3_bucket",
                    "depends_on": [],
                    "primary": {
                        "id": "www.bryval.tech",
                        "attributes": {
                            "acceleration_status": "",
                            "acl": "private",
                            "arn": "arn:aws:s3:::www.bryval.tech",
                            "bucket": "www.bryval.tech",
                            "bucket_domain_name": "www.bryval.tech.s3.amazonaws.com",
                            "bucket_prefix": "",
                            "bucket_regional_domain_name": "www.bryval.tech.s3.us-east-1.amazonaws.com",
                            "cors_rule.#": "0",
                            "force_destroy": "false",
                            "grant.#": "1",
                            "grant.0.id": "d697b6832338da4e44b56c9790bceef074a0d4bf4876cd846ef81c6d235069b9",
                            "grant.0.permissions.#": "1",
                            "grant.0.permissions.0": "FULL_CONTROL",
                            "grant.0.type": "CanonicalUser",
                            "grant.0.uri": "",
                            "hosted_zone_id": "Z3AQBSTGFYJSTF",
                            "id": "www.bryval.tech",
                            "lifecycle_rule.#": "0",
                            "logging.#": "0",
                            "object_lock_configuration.#": "0",
                            "object_lock_enabled": "false",
                            "policy": "{\"Version\":\"2008-10-17\",\"Id\":\"PolicyForCloudFrontPrivateContent\",\"Statement\":[{\"Sid\":\"1\",\"Effect\":\"Allow\",\"Principal\":{\"AWS\":\"arn:aws:iam::cloudfront:user/CloudFront Origin Access Identity E135PQ7T644Q1U\"},\"Action\":\"s3:GetObject\",\"Resource\":\"arn:aws:s3:::www.bryval.tech/*\"}]}",
                            "region": "us-east-1",
                            "replication_configuration.#": "0",
                            "request_payer": "BucketOwner",
                            "server_side_encryption_configuration.#": "1",
                            "server_side_encryption_configuration.0.rule.#": "1",
                            "server_side_encryption_configuration.0.rule.0.apply_server_side_encryption_by_default.#": "1",
                            "server_side_encryption_configuration.0.rule.0.apply_server_side_encryption_by_default.0.kms_master_key_id": "",
                            "server_side_encryption_configuration.0.rule.0.apply_server_side_encryption_by_default.0.sse_algorithm": "AES256",
                            "server_side_encryption_configuration.0.rule.0.bucket_key_enabled": "true",
                            "tags.%": "0",
                            "tags_all.%": "0",
                            "versioning.#": "1",
                            "versioning.0.enabled": "false",
                            "versioning.0.mfa_delete": "false",
                            "website.#": "0"
                        },
                        "meta": {
                            "schema_version": 0
                        },
                        "tainted": false
                    },
                    "deposed": [],
                    "provider": "provider.aws"
                }
            },
            "depends_on": []
        }
    ]
}
